// !$*UTF8*$!
{
	archiveVersion = 1;
	classes = {
	};
	objectVersion = 46;
	objects = {

/* Begin PBXBuildFile section */
		6254712634B63432ADF42F27 /* Pods_TrackerTests.framework in Frameworks */ = {isa = PBXBuildFile; fileRef = 43B672E98257AADA6A21AB52 /* Pods_TrackerTests.framework */; };
		E17245E75E992DD3BEA241B3 /* Pods_Tracker.framework in Frameworks */ = {isa = PBXBuildFile; fileRef = 14D533F76E1CF4A5F5873397 /* Pods_Tracker.framework */; };
		EF0C1ACB1BB47C5800F3ADB1 /* TRTrackingOptionsTableViewIncrementStyleCell.swift in Sources */ = {isa = PBXBuildFile; fileRef = EF0C1ACA1BB47C5800F3ADB1 /* TRTrackingOptionsTableViewIncrementStyleCell.swift */; };
		EF0CB4161BB5B1B500D74B83 /* TRStatsView.swift in Sources */ = {isa = PBXBuildFile; fileRef = EF0CB4151BB5B1B500D74B83 /* TRStatsView.swift */; };
		EF1CA9B31BB75B5B0002924D /* TRTrackerPresenter+TRTrackerViewDelegate.swift in Sources */ = {isa = PBXBuildFile; fileRef = EF1CA9B21BB75B5B0002924D /* TRTrackerPresenter+TRTrackerViewDelegate.swift */; };
		EF35BA2D1AF3CA9400456D38 /* TRPreloadedItems.swift in Sources */ = {isa = PBXBuildFile; fileRef = EF35BA2C1AF3CA9300456D38 /* TRPreloadedItems.swift */; };
		EF35BA301AF3D29400456D38 /* TRRecordType.swift in Sources */ = {isa = PBXBuildFile; fileRef = EF35BA2F1AF3D29400456D38 /* TRRecordType.swift */; };
		EF3779A01B8ECB2500D6FB97 /* TREditTracksViewController+UISearchBarDelegate.swift in Sources */ = {isa = PBXBuildFile; fileRef = EF37799F1B8ECB2500D6FB97 /* TREditTracksViewController+UISearchBarDelegate.swift */; };
		EF3779A21B8ECB7300D6FB97 /* TREditTracksViewController+UITableViewDataSource.swift in Sources */ = {isa = PBXBuildFile; fileRef = EF3779A11B8ECB7300D6FB97 /* TREditTracksViewController+UITableViewDataSource.swift */; };
		EF378F571B891CFA00235464 /* TRRecord.swift in Sources */ = {isa = PBXBuildFile; fileRef = EF378F561B891CFA00235464 /* TRRecord.swift */; };
		EF3D9FB51B850E8E009042CA /* CLWeeklyCalendarView.m in Sources */ = {isa = PBXBuildFile; fileRef = EF3D9FA71B850E8E009042CA /* CLWeeklyCalendarView.m */; };
		EF3D9FB61B850E8E009042CA /* DailyCalendarView.m in Sources */ = {isa = PBXBuildFile; fileRef = EF3D9FA91B850E8E009042CA /* DailyCalendarView.m */; };
		EF3D9FB71B850E8E009042CA /* DayTitleLabel.m in Sources */ = {isa = PBXBuildFile; fileRef = EF3D9FAB1B850E8E009042CA /* DayTitleLabel.m */; };
		EF3D9FB81B850E8E009042CA /* NSDate+CL.m in Sources */ = {isa = PBXBuildFile; fileRef = EF3D9FAE1B850E8E009042CA /* NSDate+CL.m */; };
		EF3D9FB91B850E8E009042CA /* NSDictionary+CL.m in Sources */ = {isa = PBXBuildFile; fileRef = EF3D9FB01B850E8E009042CA /* NSDictionary+CL.m */; };
		EF3D9FBA1B850E8E009042CA /* UIColor+CL.m in Sources */ = {isa = PBXBuildFile; fileRef = EF3D9FB21B850E8E009042CA /* UIColor+CL.m */; };
		EF3D9FBB1B850E8E009042CA /* UIImage+CL.m in Sources */ = {isa = PBXBuildFile; fileRef = EF3D9FB41B850E8E009042CA /* UIImage+CL.m */; };
		EF3D9FBD1B85146F009042CA /* TRTrackerPresenter+TRDateChooserObserver.swift in Sources */ = {isa = PBXBuildFile; fileRef = EF3D9FBC1B85146F009042CA /* TRTrackerPresenter+TRDateChooserObserver.swift */; };
		EF41496B1BA8ED2200428F48 /* TRItemsModel.swift in Sources */ = {isa = PBXBuildFile; fileRef = EF86B2B91BA0FC5C0080DC97 /* TRItemsModel.swift */; };
		EF41496C1BA8ED3F00428F48 /* TRItem.swift in Sources */ = {isa = PBXBuildFile; fileRef = EF86B2BB1BA0FDBA0080DC97 /* TRItem.swift */; };
		EF41496D1BA8ED4800428F48 /* TRItemService.swift in Sources */ = {isa = PBXBuildFile; fileRef = EF86B2BD1BA1055C0080DC97 /* TRItemService.swift */; };
		EF44E7C51B87E64F0088242C /* TREditTracksViewController.swift in Sources */ = {isa = PBXBuildFile; fileRef = EF44E7C41B87E64F0088242C /* TREditTracksViewController.swift */; };
		EF4BF8C31B966E0300B2AAA1 /* TRManageItemsViewController.swift in Sources */ = {isa = PBXBuildFile; fileRef = EF4BF8C21B966E0300B2AAA1 /* TRManageItemsViewController.swift */; };
		EF4BF8C51B966F6C00B2AAA1 /* TRSettingsPresenter+UITableViewDataSource.swift in Sources */ = {isa = PBXBuildFile; fileRef = EF4BF8C41B966F6C00B2AAA1 /* TRSettingsPresenter+UITableViewDataSource.swift */; };
		EF4BF8C71B966FC300B2AAA1 /* TRSettingsViewController+UITableViewDelegate.swift in Sources */ = {isa = PBXBuildFile; fileRef = EF4BF8C61B966FC300B2AAA1 /* TRSettingsViewController+UITableViewDelegate.swift */; };
		EF52F2451A8735CF00315B35 /* TRSettingsViewController.swift in Sources */ = {isa = PBXBuildFile; fileRef = EF52F2441A8735CF00315B35 /* TRSettingsViewController.swift */; };
		EF649E421B54A10D004431C6 /* TRChooseableDateViewController.swift in Sources */ = {isa = PBXBuildFile; fileRef = EF649E411B54A10D004431C6 /* TRChooseableDateViewController.swift */; };
		EF70DE271B8D147E00CDAFC5 /* TRRecordSortManager.swift in Sources */ = {isa = PBXBuildFile; fileRef = EF70DE261B8D147E00CDAFC5 /* TRRecordSortManager.swift */; };
		EF70DE2B1B8D3DBA00CDAFC5 /* MockRecordService.swift in Sources */ = {isa = PBXBuildFile; fileRef = EF70DE2A1B8D3DBA00CDAFC5 /* MockRecordService.swift */; };
		EF70DE2D1B8D480D00CDAFC5 /* TREditTracksTableViewCellDecorator.swift in Sources */ = {isa = PBXBuildFile; fileRef = EF70DE2C1B8D480D00CDAFC5 /* TREditTracksTableViewCellDecorator.swift */; };
		EF7C173A1BA7346B000A3947 /* TRColors.swift in Sources */ = {isa = PBXBuildFile; fileRef = EF7C17391BA7346B000A3947 /* TRColors.swift */; };
		EF802E151B8A9A1900C51C33 /* TRMain.storyboard in Resources */ = {isa = PBXBuildFile; fileRef = EFE083F91A86A9B100AC9631 /* TRMain.storyboard */; };
		EF86B2B41BA0E56F0080DC97 /* TRManageItemsTableViewCell.swift in Sources */ = {isa = PBXBuildFile; fileRef = EF86B2B31BA0E56E0080DC97 /* TRManageItemsTableViewCell.swift */; };
		EF86B2BA1BA0FC5C0080DC97 /* TRItemsModel.swift in Sources */ = {isa = PBXBuildFile; fileRef = EF86B2B91BA0FC5C0080DC97 /* TRItemsModel.swift */; };
		EF86B2BC1BA0FDBA0080DC97 /* TRItem.swift in Sources */ = {isa = PBXBuildFile; fileRef = EF86B2BB1BA0FDBA0080DC97 /* TRItem.swift */; };
		EF86B2BE1BA1055C0080DC97 /* TRItemService.swift in Sources */ = {isa = PBXBuildFile; fileRef = EF86B2BD1BA1055C0080DC97 /* TRItemService.swift */; };
		EF8D6DD11BCAB8C7007C360B /* TRTrackerTableViewCellWithPlusButton.swift in Sources */ = {isa = PBXBuildFile; fileRef = EF8D6DCF1BCAB8C7007C360B /* TRTrackerTableViewCellWithPlusButton.swift */; };
		EF8D6DD21BCAB8C7007C360B /* TRTrackerTableViewCellWithTextField.swift in Sources */ = {isa = PBXBuildFile; fileRef = EF8D6DD01BCAB8C7007C360B /* TRTrackerTableViewCellWithTextField.swift */; };
		EF93495B1BB23286005EF50C /* TRTrackerView+UITableViewDelegate.swift in Sources */ = {isa = PBXBuildFile; fileRef = EF93495A1BB23286005EF50C /* TRTrackerView+UITableViewDelegate.swift */; };
		EF9A004F1BA8B6C7009FF92E /* TREditItemTableViewViceCell.swift in Sources */ = {isa = PBXBuildFile; fileRef = EF9A004E1BA8B6C7009FF92E /* TREditItemTableViewViceCell.swift */; };
		EFA1EF8C1BA75BB6007D82E6 /* TREditItemViewController.swift in Sources */ = {isa = PBXBuildFile; fileRef = EFA1EF8B1BA75BB6007D82E6 /* TREditItemViewController.swift */; };
		EFA1EF901BA75E77007D82E6 /* TREditItemPresenter.swift in Sources */ = {isa = PBXBuildFile; fileRef = EFA1EF8F1BA75E77007D82E6 /* TREditItemPresenter.swift */; };
		EFA1EF921BA788D0007D82E6 /* TREditItemTableViewInputCell.swift in Sources */ = {isa = PBXBuildFile; fileRef = EFA1EF911BA788D0007D82E6 /* TREditItemTableViewInputCell.swift */; };
		EFA1EF951BA78D26007D82E6 /* TREditItemTextField.swift in Sources */ = {isa = PBXBuildFile; fileRef = EFA1EF941BA78D26007D82E6 /* TREditItemTextField.swift */; };
		EFA45C061BAB9AC800EAFB76 /* TRRecordService.swift in Sources */ = {isa = PBXBuildFile; fileRef = EFA45C051BAB9AC800EAFB76 /* TRRecordService.swift */; };
		EFA45C071BAB9AC800EAFB76 /* TRRecordService.swift in Sources */ = {isa = PBXBuildFile; fileRef = EFA45C051BAB9AC800EAFB76 /* TRRecordService.swift */; };
		EFA45C091BABA0A900EAFB76 /* TRManageItemsPresenter.swift in Sources */ = {isa = PBXBuildFile; fileRef = EFA45C081BABA0A900EAFB76 /* TRManageItemsPresenter.swift */; };
		EFA45C0C1BABD32500EAFB76 /* TRKeyboardToolbar.swift in Sources */ = {isa = PBXBuildFile; fileRef = EFA45C0B1BABD32500EAFB76 /* TRKeyboardToolbar.swift */; };
		EFA5B5B91BB799020013A5F8 /* TRTrackerPresenter+UITableViewDataSource.swift in Sources */ = {isa = PBXBuildFile; fileRef = EFA5B5B81BB799020013A5F8 /* TRTrackerPresenter+UITableViewDataSource.swift */; };
		EFA6E19A1BD995D000664EDE /* TRTrackerTableViewCellSize.swift in Sources */ = {isa = PBXBuildFile; fileRef = EFA6E1991BD995D000664EDE /* TRTrackerTableViewCellSize.swift */; };
		EFA6E19D1BD9B01D00664EDE /* TRDrawerController.swift in Sources */ = {isa = PBXBuildFile; fileRef = EFA6E19C1BD9B01D00664EDE /* TRDrawerController.swift */; };
		EFA9B5E81B7D7EBD00BAA839 /* TRTrackerPresenter.swift in Sources */ = {isa = PBXBuildFile; fileRef = EFA9B5E71B7D7EBD00BAA839 /* TRTrackerPresenter.swift */; };
		EFA9B5EA1B7D811800BAA839 /* TRRrecordsModel.swift in Sources */ = {isa = PBXBuildFile; fileRef = EFA9B5E91B7D811800BAA839 /* TRRrecordsModel.swift */; };
		EFB392911B93609E002EC06C /* MockRecord.swift in Sources */ = {isa = PBXBuildFile; fileRef = EFB392901B93609E002EC06C /* MockRecord.swift */; };
		EFB392931B939A92002EC06C /* MockQuery.swift in Sources */ = {isa = PBXBuildFile; fileRef = EFB392921B939A92002EC06C /* MockQuery.swift */; };
		EFB392941B93A1E7002EC06C /* TRRrecordsModel.swift in Sources */ = {isa = PBXBuildFile; fileRef = EFA9B5E91B7D811800BAA839 /* TRRrecordsModel.swift */; };
		EFB392961B93A22D002EC06C /* TRRecordSortManager.swift in Sources */ = {isa = PBXBuildFile; fileRef = EF70DE261B8D147E00CDAFC5 /* TRRecordSortManager.swift */; };
		EFB392971B93A231002EC06C /* TRRecord.swift in Sources */ = {isa = PBXBuildFile; fileRef = EF378F561B891CFA00235464 /* TRRecord.swift */; };
		EFB392981B93A25B002EC06C /* TRRecordType.swift in Sources */ = {isa = PBXBuildFile; fileRef = EF35BA2F1AF3D29400456D38 /* TRRecordType.swift */; };
		EFB392991B93A26D002EC06C /* TRPreloadedItems.swift in Sources */ = {isa = PBXBuildFile; fileRef = EF35BA2C1AF3CA9300456D38 /* TRPreloadedItems.swift */; };
		EFB3929A1B93A295002EC06C /* TRDateFormatter.swift in Sources */ = {isa = PBXBuildFile; fileRef = EFFCF9D91AFA9318004DEDB9 /* TRDateFormatter.swift */; };
		EFB3929B1B93A2A3002EC06C /* TRCurrentDate.swift in Sources */ = {isa = PBXBuildFile; fileRef = EFFCF9DB1AFA9C26004DEDB9 /* TRCurrentDate.swift */; };
		EFC9CD6B1B7D606800060D54 /* TRTrackerView.swift in Sources */ = {isa = PBXBuildFile; fileRef = EFC9CD6A1B7D606800060D54 /* TRTrackerView.swift */; };
		EFD8AEAC1B9658C000962BA0 /* TRSettingsTableViewCell.swift in Sources */ = {isa = PBXBuildFile; fileRef = EFD8AEAB1B9658C000962BA0 /* TRSettingsTableViewCell.swift */; };
		EFD8AEAF1B965C0200962BA0 /* TRSettingsModel.swift in Sources */ = {isa = PBXBuildFile; fileRef = EFD8AEAE1B965C0200962BA0 /* TRSettingsModel.swift */; };
		EFDDA9591BB12AA30052ED78 /* TRColorGenerator.swift in Sources */ = {isa = PBXBuildFile; fileRef = EFDDA9581BB12AA30052ED78 /* TRColorGenerator.swift */; };
		EFE083F41A86A9B100AC9631 /* TRAppDelegate.swift in Sources */ = {isa = PBXBuildFile; fileRef = EFE083F31A86A9B100AC9631 /* TRAppDelegate.swift */; };
		EFE083F61A86A9B100AC9631 /* TRTrackerViewController.swift in Sources */ = {isa = PBXBuildFile; fileRef = EFE083F51A86A9B100AC9631 /* TRTrackerViewController.swift */; };
		EFE083F81A86A9B100AC9631 /* TRStatsViewController.swift in Sources */ = {isa = PBXBuildFile; fileRef = EFE083F71A86A9B100AC9631 /* TRStatsViewController.swift */; };
		EFE083FD1A86A9B100AC9631 /* Images.xcassets in Resources */ = {isa = PBXBuildFile; fileRef = EFE083FC1A86A9B100AC9631 /* Images.xcassets */; };
		EFE9F6411BAB442100C786FE /* MockItemService.swift in Sources */ = {isa = PBXBuildFile; fileRef = EFE9F63F1BAB43AC00C786FE /* MockItemService.swift */; };
		EFF328DB1B87C218001B9E84 /* TREditTracksTableView.swift in Sources */ = {isa = PBXBuildFile; fileRef = EFF328DA1B87C218001B9E84 /* TREditTracksTableView.swift */; };
		EFF328DD1B87C5C6001B9E84 /* TREditTracksTableViewCell.swift in Sources */ = {isa = PBXBuildFile; fileRef = EFF328DC1B87C5C6001B9E84 /* TREditTracksTableViewCell.swift */; };
		EFF8FB7D1BB0E53F00E2A379 /* TRTrackerTableViewCell.swift in Sources */ = {isa = PBXBuildFile; fileRef = EFF8FB7C1BB0E53F00E2A379 /* TRTrackerTableViewCell.swift */; };
		EFFB1D551BB323470003F42F /* TRTrackingOptionsTableViewController.swift in Sources */ = {isa = PBXBuildFile; fileRef = EFFB1D541BB323470003F42F /* TRTrackingOptionsTableViewController.swift */; };
		EFFB1D571BB33ACA0003F42F /* TRTrackingOptionsTableViewCellMultiple.xib in Resources */ = {isa = PBXBuildFile; fileRef = EFFB1D561BB33ACA0003F42F /* TRTrackingOptionsTableViewCellMultiple.xib */; };
		EFFB1D591BB3427B0003F42F /* TRTrackingOptionsTableViewCellUrge.xib in Resources */ = {isa = PBXBuildFile; fileRef = EFFB1D581BB3427B0003F42F /* TRTrackingOptionsTableViewCellUrge.xib */; };
		EFFCF9DA1AFA9318004DEDB9 /* TRDateFormatter.swift in Sources */ = {isa = PBXBuildFile; fileRef = EFFCF9D91AFA9318004DEDB9 /* TRDateFormatter.swift */; };
		EFFCF9DC1AFA9C26004DEDB9 /* TRCurrentDate.swift in Sources */ = {isa = PBXBuildFile; fileRef = EFFCF9DB1AFA9C26004DEDB9 /* TRCurrentDate.swift */; };
		EFFDD9641B8BB9090062FFCE /* TRRecordsModelTests.swift in Sources */ = {isa = PBXBuildFile; fileRef = EF5AB94E1B7FF91B0061286E /* TRRecordsModelTests.swift */; };
		EFFDD9651B8BB9090062FFCE /* TRRecordServiceTests.swift in Sources */ = {isa = PBXBuildFile; fileRef = EFF07F3A1B8399A000ED6520 /* TRRecordServiceTests.swift */; };
		F920E52C1BDC38E300E269F6 /* TRNavigationController.swift in Sources */ = {isa = PBXBuildFile; fileRef = F920E52B1BDC38E300E269F6 /* TRNavigationController.swift */; };
/* End PBXBuildFile section */

/* Begin PBXContainerItemProxy section */
		EFE084061A86A9B100AC9631 /* PBXContainerItemProxy */ = {
			isa = PBXContainerItemProxy;
			containerPortal = EFE083E61A86A9B100AC9631 /* Project object */;
			proxyType = 1;
			remoteGlobalIDString = EFE083ED1A86A9B100AC9631;
			remoteInfo = Tracker;
		};
/* End PBXContainerItemProxy section */

/* Begin PBXCopyFilesBuildPhase section */
		EF9FB08F1B2A4D5800AD1164 /* Embed Watch Content */ = {
			isa = PBXCopyFilesBuildPhase;
			buildActionMask = 2147483647;
			dstPath = "$(CONTENTS_FOLDER_PATH)/Watch";
			dstSubfolderSpec = 16;
			files = (
			);
			name = "Embed Watch Content";
			runOnlyForDeploymentPostprocessing = 0;
		};
/* End PBXCopyFilesBuildPhase section */

/* Begin PBXFileReference section */
		0C459376465AA52DE4514CF0 /* Pods-TrackItTests.debug.xcconfig */ = {isa = PBXFileReference; includeInIndex = 1; lastKnownFileType = text.xcconfig; name = "Pods-TrackItTests.debug.xcconfig"; path = "Pods/Target Support Files/Pods-TrackItTests/Pods-TrackItTests.debug.xcconfig"; sourceTree = "<group>"; };
		0E93EFF4A5C6B4902C182392 /* Pods-TrackerTests.release.xcconfig */ = {isa = PBXFileReference; includeInIndex = 1; lastKnownFileType = text.xcconfig; name = "Pods-TrackerTests.release.xcconfig"; path = "Pods/Target Support Files/Pods-TrackerTests/Pods-TrackerTests.release.xcconfig"; sourceTree = "<group>"; };
		14D533F76E1CF4A5F5873397 /* Pods_Tracker.framework */ = {isa = PBXFileReference; explicitFileType = wrapper.framework; includeInIndex = 0; path = Pods_Tracker.framework; sourceTree = BUILT_PRODUCTS_DIR; };
		186B23C7D38FFC61C7BB0D21 /* Pods-TrackIt.release.xcconfig */ = {isa = PBXFileReference; includeInIndex = 1; lastKnownFileType = text.xcconfig; name = "Pods-TrackIt.release.xcconfig"; path = "Pods/Target Support Files/Pods-TrackIt/Pods-TrackIt.release.xcconfig"; sourceTree = "<group>"; };
		4312C81532628D7339CAB874 /* Pods-TrackIt.debug.xcconfig */ = {isa = PBXFileReference; includeInIndex = 1; lastKnownFileType = text.xcconfig; name = "Pods-TrackIt.debug.xcconfig"; path = "Pods/Target Support Files/Pods-TrackIt/Pods-TrackIt.debug.xcconfig"; sourceTree = "<group>"; };
		43B672E98257AADA6A21AB52 /* Pods_TrackerTests.framework */ = {isa = PBXFileReference; explicitFileType = wrapper.framework; includeInIndex = 0; path = Pods_TrackerTests.framework; sourceTree = BUILT_PRODUCTS_DIR; };
		54B27EDACAD8A87277A70789 /* Pods-Tracker.debug.xcconfig */ = {isa = PBXFileReference; includeInIndex = 1; lastKnownFileType = text.xcconfig; name = "Pods-Tracker.debug.xcconfig"; path = "Pods/Target Support Files/Pods-Tracker/Pods-Tracker.debug.xcconfig"; sourceTree = "<group>"; };
		552D0FBFF161A60D313AA58F /* Pods-Tracker.release.xcconfig */ = {isa = PBXFileReference; includeInIndex = 1; lastKnownFileType = text.xcconfig; name = "Pods-Tracker.release.xcconfig"; path = "Pods/Target Support Files/Pods-Tracker/Pods-Tracker.release.xcconfig"; sourceTree = "<group>"; };
		615DD27FE14861EAB6D516F8 /* Pods-TrackerTests.debug.xcconfig */ = {isa = PBXFileReference; includeInIndex = 1; lastKnownFileType = text.xcconfig; name = "Pods-TrackerTests.debug.xcconfig"; path = "Pods/Target Support Files/Pods-TrackerTests/Pods-TrackerTests.debug.xcconfig"; sourceTree = "<group>"; };
		9198402C4F9A83F2B6788988 /* Pods_TrackIt.framework */ = {isa = PBXFileReference; explicitFileType = wrapper.framework; includeInIndex = 0; path = Pods_TrackIt.framework; sourceTree = BUILT_PRODUCTS_DIR; };
		AC2BB2303B972E6E8E70A1CC /* Pods-TrackItTests.release.xcconfig */ = {isa = PBXFileReference; includeInIndex = 1; lastKnownFileType = text.xcconfig; name = "Pods-TrackItTests.release.xcconfig"; path = "Pods/Target Support Files/Pods-TrackItTests/Pods-TrackItTests.release.xcconfig"; sourceTree = "<group>"; };
		D7A920A77FFCC7D29D4F4D54 /* Pods_TrackItTests.framework */ = {isa = PBXFileReference; explicitFileType = wrapper.framework; includeInIndex = 0; path = Pods_TrackItTests.framework; sourceTree = BUILT_PRODUCTS_DIR; };
		EF0C1ACA1BB47C5800F3ADB1 /* TRTrackingOptionsTableViewIncrementStyleCell.swift */ = {isa = PBXFileReference; fileEncoding = 4; lastKnownFileType = sourcecode.swift; path = TRTrackingOptionsTableViewIncrementStyleCell.swift; sourceTree = "<group>"; };
		EF0CB4151BB5B1B500D74B83 /* TRStatsView.swift */ = {isa = PBXFileReference; fileEncoding = 4; lastKnownFileType = sourcecode.swift; path = TRStatsView.swift; sourceTree = "<group>"; };
		EF1CA9B21BB75B5B0002924D /* TRTrackerPresenter+TRTrackerViewDelegate.swift */ = {isa = PBXFileReference; fileEncoding = 4; lastKnownFileType = sourcecode.swift; path = "TRTrackerPresenter+TRTrackerViewDelegate.swift"; sourceTree = "<group>"; };
		EF35BA2C1AF3CA9300456D38 /* TRPreloadedItems.swift */ = {isa = PBXFileReference; fileEncoding = 4; lastKnownFileType = sourcecode.swift; path = TRPreloadedItems.swift; sourceTree = "<group>"; };
		EF35BA2F1AF3D29400456D38 /* TRRecordType.swift */ = {isa = PBXFileReference; fileEncoding = 4; lastKnownFileType = sourcecode.swift; path = TRRecordType.swift; sourceTree = "<group>"; };
		EF37799F1B8ECB2500D6FB97 /* TREditTracksViewController+UISearchBarDelegate.swift */ = {isa = PBXFileReference; fileEncoding = 4; lastKnownFileType = sourcecode.swift; path = "TREditTracksViewController+UISearchBarDelegate.swift"; sourceTree = "<group>"; };
		EF3779A11B8ECB7300D6FB97 /* TREditTracksViewController+UITableViewDataSource.swift */ = {isa = PBXFileReference; fileEncoding = 4; lastKnownFileType = sourcecode.swift; path = "TREditTracksViewController+UITableViewDataSource.swift"; sourceTree = "<group>"; };
		EF378F561B891CFA00235464 /* TRRecord.swift */ = {isa = PBXFileReference; fileEncoding = 4; lastKnownFileType = sourcecode.swift; path = TRRecord.swift; sourceTree = "<group>"; };
		EF3D9FA61B850E8E009042CA /* CLWeeklyCalendarView.h */ = {isa = PBXFileReference; fileEncoding = 4; lastKnownFileType = sourcecode.c.h; path = CLWeeklyCalendarView.h; sourceTree = "<group>"; };
		EF3D9FA71B850E8E009042CA /* CLWeeklyCalendarView.m */ = {isa = PBXFileReference; fileEncoding = 4; lastKnownFileType = sourcecode.c.objc; path = CLWeeklyCalendarView.m; sourceTree = "<group>"; };
		EF3D9FA81B850E8E009042CA /* DailyCalendarView.h */ = {isa = PBXFileReference; fileEncoding = 4; lastKnownFileType = sourcecode.c.h; path = DailyCalendarView.h; sourceTree = "<group>"; };
		EF3D9FA91B850E8E009042CA /* DailyCalendarView.m */ = {isa = PBXFileReference; fileEncoding = 4; lastKnownFileType = sourcecode.c.objc; path = DailyCalendarView.m; sourceTree = "<group>"; };
		EF3D9FAA1B850E8E009042CA /* DayTitleLabel.h */ = {isa = PBXFileReference; fileEncoding = 4; lastKnownFileType = sourcecode.c.h; path = DayTitleLabel.h; sourceTree = "<group>"; };
		EF3D9FAB1B850E8E009042CA /* DayTitleLabel.m */ = {isa = PBXFileReference; fileEncoding = 4; lastKnownFileType = sourcecode.c.objc; path = DayTitleLabel.m; sourceTree = "<group>"; };
		EF3D9FAD1B850E8E009042CA /* NSDate+CL.h */ = {isa = PBXFileReference; fileEncoding = 4; lastKnownFileType = sourcecode.c.h; path = "NSDate+CL.h"; sourceTree = "<group>"; };
		EF3D9FAE1B850E8E009042CA /* NSDate+CL.m */ = {isa = PBXFileReference; fileEncoding = 4; lastKnownFileType = sourcecode.c.objc; path = "NSDate+CL.m"; sourceTree = "<group>"; };
		EF3D9FAF1B850E8E009042CA /* NSDictionary+CL.h */ = {isa = PBXFileReference; fileEncoding = 4; lastKnownFileType = sourcecode.c.h; path = "NSDictionary+CL.h"; sourceTree = "<group>"; };
		EF3D9FB01B850E8E009042CA /* NSDictionary+CL.m */ = {isa = PBXFileReference; fileEncoding = 4; lastKnownFileType = sourcecode.c.objc; path = "NSDictionary+CL.m"; sourceTree = "<group>"; };
		EF3D9FB11B850E8E009042CA /* UIColor+CL.h */ = {isa = PBXFileReference; fileEncoding = 4; lastKnownFileType = sourcecode.c.h; path = "UIColor+CL.h"; sourceTree = "<group>"; };
		EF3D9FB21B850E8E009042CA /* UIColor+CL.m */ = {isa = PBXFileReference; fileEncoding = 4; lastKnownFileType = sourcecode.c.objc; path = "UIColor+CL.m"; sourceTree = "<group>"; };
		EF3D9FB31B850E8E009042CA /* UIImage+CL.h */ = {isa = PBXFileReference; fileEncoding = 4; lastKnownFileType = sourcecode.c.h; path = "UIImage+CL.h"; sourceTree = "<group>"; };
		EF3D9FB41B850E8E009042CA /* UIImage+CL.m */ = {isa = PBXFileReference; fileEncoding = 4; lastKnownFileType = sourcecode.c.objc; path = "UIImage+CL.m"; sourceTree = "<group>"; };
		EF3D9FBC1B85146F009042CA /* TRTrackerPresenter+TRDateChooserObserver.swift */ = {isa = PBXFileReference; fileEncoding = 4; lastKnownFileType = sourcecode.swift; path = "TRTrackerPresenter+TRDateChooserObserver.swift"; sourceTree = "<group>"; };
		EF44E7C41B87E64F0088242C /* TREditTracksViewController.swift */ = {isa = PBXFileReference; fileEncoding = 4; lastKnownFileType = sourcecode.swift; path = TREditTracksViewController.swift; sourceTree = "<group>"; };
		EF4BF8C21B966E0300B2AAA1 /* TRManageItemsViewController.swift */ = {isa = PBXFileReference; fileEncoding = 4; lastKnownFileType = sourcecode.swift; path = TRManageItemsViewController.swift; sourceTree = "<group>"; };
		EF4BF8C41B966F6C00B2AAA1 /* TRSettingsPresenter+UITableViewDataSource.swift */ = {isa = PBXFileReference; fileEncoding = 4; lastKnownFileType = sourcecode.swift; path = "TRSettingsPresenter+UITableViewDataSource.swift"; sourceTree = "<group>"; };
		EF4BF8C61B966FC300B2AAA1 /* TRSettingsViewController+UITableViewDelegate.swift */ = {isa = PBXFileReference; fileEncoding = 4; lastKnownFileType = sourcecode.swift; path = "TRSettingsViewController+UITableViewDelegate.swift"; sourceTree = "<group>"; };
		EF52F2441A8735CF00315B35 /* TRSettingsViewController.swift */ = {isa = PBXFileReference; fileEncoding = 4; lastKnownFileType = sourcecode.swift; path = TRSettingsViewController.swift; sourceTree = "<group>"; };
		EF5AB94E1B7FF91B0061286E /* TRRecordsModelTests.swift */ = {isa = PBXFileReference; fileEncoding = 4; lastKnownFileType = sourcecode.swift; path = TRRecordsModelTests.swift; sourceTree = "<group>"; };
		EF5AB9531B7FFDEE0061286E /* Tracker-Unit-Test-Bridging-Header.h */ = {isa = PBXFileReference; fileEncoding = 4; lastKnownFileType = sourcecode.c.h; path = "Tracker-Unit-Test-Bridging-Header.h"; sourceTree = "<group>"; };
		EF649E411B54A10D004431C6 /* TRChooseableDateViewController.swift */ = {isa = PBXFileReference; fileEncoding = 4; lastKnownFileType = sourcecode.swift; path = TRChooseableDateViewController.swift; sourceTree = "<group>"; };
		EF70DE261B8D147E00CDAFC5 /* TRRecordSortManager.swift */ = {isa = PBXFileReference; fileEncoding = 4; lastKnownFileType = sourcecode.swift; path = TRRecordSortManager.swift; sourceTree = "<group>"; };
		EF70DE2A1B8D3DBA00CDAFC5 /* MockRecordService.swift */ = {isa = PBXFileReference; fileEncoding = 4; lastKnownFileType = sourcecode.swift; path = MockRecordService.swift; sourceTree = "<group>"; };
		EF70DE2C1B8D480D00CDAFC5 /* TREditTracksTableViewCellDecorator.swift */ = {isa = PBXFileReference; fileEncoding = 4; lastKnownFileType = sourcecode.swift; path = TREditTracksTableViewCellDecorator.swift; sourceTree = "<group>"; };
		EF7C17391BA7346B000A3947 /* TRColors.swift */ = {isa = PBXFileReference; fileEncoding = 4; lastKnownFileType = sourcecode.swift; path = TRColors.swift; sourceTree = "<group>"; };
		EF86B2B31BA0E56E0080DC97 /* TRManageItemsTableViewCell.swift */ = {isa = PBXFileReference; fileEncoding = 4; lastKnownFileType = sourcecode.swift; path = TRManageItemsTableViewCell.swift; sourceTree = "<group>"; };
		EF86B2B91BA0FC5C0080DC97 /* TRItemsModel.swift */ = {isa = PBXFileReference; fileEncoding = 4; lastKnownFileType = sourcecode.swift; path = TRItemsModel.swift; sourceTree = "<group>"; };
		EF86B2BB1BA0FDBA0080DC97 /* TRItem.swift */ = {isa = PBXFileReference; fileEncoding = 4; lastKnownFileType = sourcecode.swift; path = TRItem.swift; sourceTree = "<group>"; };
		EF86B2BD1BA1055C0080DC97 /* TRItemService.swift */ = {isa = PBXFileReference; fileEncoding = 4; lastKnownFileType = sourcecode.swift; path = TRItemService.swift; sourceTree = "<group>"; };
		EF8D6DCF1BCAB8C7007C360B /* TRTrackerTableViewCellWithPlusButton.swift */ = {isa = PBXFileReference; fileEncoding = 4; lastKnownFileType = sourcecode.swift; path = TRTrackerTableViewCellWithPlusButton.swift; sourceTree = "<group>"; };
		EF8D6DD01BCAB8C7007C360B /* TRTrackerTableViewCellWithTextField.swift */ = {isa = PBXFileReference; fileEncoding = 4; lastKnownFileType = sourcecode.swift; path = TRTrackerTableViewCellWithTextField.swift; sourceTree = "<group>"; };
		EF93495A1BB23286005EF50C /* TRTrackerView+UITableViewDelegate.swift */ = {isa = PBXFileReference; fileEncoding = 4; lastKnownFileType = sourcecode.swift; path = "TRTrackerView+UITableViewDelegate.swift"; sourceTree = "<group>"; };
		EF9A004E1BA8B6C7009FF92E /* TREditItemTableViewViceCell.swift */ = {isa = PBXFileReference; fileEncoding = 4; lastKnownFileType = sourcecode.swift; path = TREditItemTableViewViceCell.swift; sourceTree = "<group>"; };
		EF9FB0681B2A4D5800AD1164 /* Base */ = {isa = PBXFileReference; lastKnownFileType = file.storyboard; name = Base; path = Base.lproj/Interface.storyboard; sourceTree = "<group>"; };
		EF9FB06A1B2A4D5800AD1164 /* Assets.xcassets */ = {isa = PBXFileReference; lastKnownFileType = folder.assetcatalog; path = Assets.xcassets; sourceTree = "<group>"; };
		EF9FB06C1B2A4D5800AD1164 /* Info.plist */ = {isa = PBXFileReference; lastKnownFileType = text.plist.xml; path = Info.plist; sourceTree = "<group>"; };
		EF9FB0771B2A4D5800AD1164 /* PushNotificationPayload.apns */ = {isa = PBXFileReference; lastKnownFileType = text; path = PushNotificationPayload.apns; sourceTree = "<group>"; };
		EF9FB0781B2A4D5800AD1164 /* MainInterfaceController.swift */ = {isa = PBXFileReference; lastKnownFileType = sourcecode.swift; path = MainInterfaceController.swift; sourceTree = "<group>"; };
		EF9FB07A1B2A4D5800AD1164 /* ExtensionDelegate.swift */ = {isa = PBXFileReference; lastKnownFileType = sourcecode.swift; path = ExtensionDelegate.swift; sourceTree = "<group>"; };
		EF9FB07C1B2A4D5800AD1164 /* NotificationController.swift */ = {isa = PBXFileReference; lastKnownFileType = sourcecode.swift; path = NotificationController.swift; sourceTree = "<group>"; };
		EF9FB07E1B2A4D5800AD1164 /* GlanceController.swift */ = {isa = PBXFileReference; lastKnownFileType = sourcecode.swift; path = GlanceController.swift; sourceTree = "<group>"; };
		EF9FB0801B2A4D5800AD1164 /* ComplicationController.swift */ = {isa = PBXFileReference; lastKnownFileType = sourcecode.swift; path = ComplicationController.swift; sourceTree = "<group>"; };
		EF9FB0821B2A4D5800AD1164 /* Assets.xcassets */ = {isa = PBXFileReference; lastKnownFileType = folder.assetcatalog; path = Assets.xcassets; sourceTree = "<group>"; };
		EF9FB0841B2A4D5800AD1164 /* Info.plist */ = {isa = PBXFileReference; lastKnownFileType = text.plist.xml; path = Info.plist; sourceTree = "<group>"; };
		EFA1EF8B1BA75BB6007D82E6 /* TREditItemViewController.swift */ = {isa = PBXFileReference; fileEncoding = 4; lastKnownFileType = sourcecode.swift; path = TREditItemViewController.swift; sourceTree = "<group>"; };
		EFA1EF8F1BA75E77007D82E6 /* TREditItemPresenter.swift */ = {isa = PBXFileReference; fileEncoding = 4; lastKnownFileType = sourcecode.swift; path = TREditItemPresenter.swift; sourceTree = "<group>"; };
		EFA1EF911BA788D0007D82E6 /* TREditItemTableViewInputCell.swift */ = {isa = PBXFileReference; fileEncoding = 4; lastKnownFileType = sourcecode.swift; path = TREditItemTableViewInputCell.swift; sourceTree = "<group>"; };
		EFA1EF941BA78D26007D82E6 /* TREditItemTextField.swift */ = {isa = PBXFileReference; fileEncoding = 4; lastKnownFileType = sourcecode.swift; path = TREditItemTextField.swift; sourceTree = "<group>"; };
		EFA45C051BAB9AC800EAFB76 /* TRRecordService.swift */ = {isa = PBXFileReference; fileEncoding = 4; lastKnownFileType = sourcecode.swift; path = TRRecordService.swift; sourceTree = "<group>"; };
		EFA45C081BABA0A900EAFB76 /* TRManageItemsPresenter.swift */ = {isa = PBXFileReference; fileEncoding = 4; lastKnownFileType = sourcecode.swift; path = TRManageItemsPresenter.swift; sourceTree = "<group>"; };
		EFA45C0B1BABD32500EAFB76 /* TRKeyboardToolbar.swift */ = {isa = PBXFileReference; fileEncoding = 4; lastKnownFileType = sourcecode.swift; path = TRKeyboardToolbar.swift; sourceTree = "<group>"; };
		EFA5B5B81BB799020013A5F8 /* TRTrackerPresenter+UITableViewDataSource.swift */ = {isa = PBXFileReference; fileEncoding = 4; lastKnownFileType = sourcecode.swift; path = "TRTrackerPresenter+UITableViewDataSource.swift"; sourceTree = "<group>"; };
		EFA6E1991BD995D000664EDE /* TRTrackerTableViewCellSize.swift */ = {isa = PBXFileReference; fileEncoding = 4; lastKnownFileType = sourcecode.swift; path = TRTrackerTableViewCellSize.swift; sourceTree = "<group>"; };
		EFA6E19C1BD9B01D00664EDE /* TRDrawerController.swift */ = {isa = PBXFileReference; fileEncoding = 4; lastKnownFileType = sourcecode.swift; path = TRDrawerController.swift; sourceTree = "<group>"; };
		EFA9B5E51B7D6A5B00BAA839 /* Info.plist */ = {isa = PBXFileReference; fileEncoding = 4; lastKnownFileType = text.plist.xml; path = Info.plist; sourceTree = "<group>"; };
		EFA9B5E71B7D7EBD00BAA839 /* TRTrackerPresenter.swift */ = {isa = PBXFileReference; fileEncoding = 4; lastKnownFileType = sourcecode.swift; path = TRTrackerPresenter.swift; sourceTree = "<group>"; };
		EFA9B5E91B7D811800BAA839 /* TRRrecordsModel.swift */ = {isa = PBXFileReference; fileEncoding = 4; lastKnownFileType = sourcecode.swift; path = TRRrecordsModel.swift; sourceTree = "<group>"; };
		EFABDA1B1B2B299300FCF5A3 /* MainInterfacePresenter.swift */ = {isa = PBXFileReference; fileEncoding = 4; lastKnownFileType = sourcecode.swift; path = MainInterfacePresenter.swift; sourceTree = "<group>"; };
		EFB392901B93609E002EC06C /* MockRecord.swift */ = {isa = PBXFileReference; fileEncoding = 4; lastKnownFileType = sourcecode.swift; path = MockRecord.swift; sourceTree = "<group>"; };
		EFB392921B939A92002EC06C /* MockQuery.swift */ = {isa = PBXFileReference; fileEncoding = 4; lastKnownFileType = sourcecode.swift; path = MockQuery.swift; sourceTree = "<group>"; };
		EFC9CD6A1B7D606800060D54 /* TRTrackerView.swift */ = {isa = PBXFileReference; fileEncoding = 4; lastKnownFileType = sourcecode.swift; path = TRTrackerView.swift; sourceTree = "<group>"; };
		EFD8AEAB1B9658C000962BA0 /* TRSettingsTableViewCell.swift */ = {isa = PBXFileReference; fileEncoding = 4; lastKnownFileType = sourcecode.swift; path = TRSettingsTableViewCell.swift; sourceTree = "<group>"; };
		EFD8AEAE1B965C0200962BA0 /* TRSettingsModel.swift */ = {isa = PBXFileReference; fileEncoding = 4; lastKnownFileType = sourcecode.swift; path = TRSettingsModel.swift; sourceTree = "<group>"; };
		EFDDA9581BB12AA30052ED78 /* TRColorGenerator.swift */ = {isa = PBXFileReference; fileEncoding = 4; lastKnownFileType = sourcecode.swift; path = TRColorGenerator.swift; sourceTree = "<group>"; };
		EFE083EE1A86A9B100AC9631 /* Tracker.app */ = {isa = PBXFileReference; explicitFileType = wrapper.application; includeInIndex = 0; path = Tracker.app; sourceTree = BUILT_PRODUCTS_DIR; };
		EFE083F31A86A9B100AC9631 /* TRAppDelegate.swift */ = {isa = PBXFileReference; lastKnownFileType = sourcecode.swift; path = TRAppDelegate.swift; sourceTree = "<group>"; };
		EFE083F51A86A9B100AC9631 /* TRTrackerViewController.swift */ = {isa = PBXFileReference; lastKnownFileType = sourcecode.swift; path = TRTrackerViewController.swift; sourceTree = "<group>"; wrapsLines = 0; };
		EFE083F71A86A9B100AC9631 /* TRStatsViewController.swift */ = {isa = PBXFileReference; lastKnownFileType = sourcecode.swift; path = TRStatsViewController.swift; sourceTree = "<group>"; };
		EFE083FA1A86A9B100AC9631 /* Base */ = {isa = PBXFileReference; lastKnownFileType = file.storyboard; name = Base; path = Base.lproj/TRMain.storyboard; sourceTree = "<group>"; };
		EFE083FC1A86A9B100AC9631 /* Images.xcassets */ = {isa = PBXFileReference; lastKnownFileType = folder.assetcatalog; path = Images.xcassets; sourceTree = "<group>"; };
		EFE084051A86A9B100AC9631 /* Tracker.xctest */ = {isa = PBXFileReference; explicitFileType = wrapper.cfbundle; includeInIndex = 0; path = Tracker.xctest; sourceTree = BUILT_PRODUCTS_DIR; };
		EFE0840A1A86A9B100AC9631 /* Info.plist */ = {isa = PBXFileReference; lastKnownFileType = text.plist.xml; path = Info.plist; sourceTree = "<group>"; };
		EFE9F63F1BAB43AC00C786FE /* MockItemService.swift */ = {isa = PBXFileReference; fileEncoding = 4; lastKnownFileType = sourcecode.swift; path = MockItemService.swift; sourceTree = "<group>"; };
		EFF07F3A1B8399A000ED6520 /* TRRecordServiceTests.swift */ = {isa = PBXFileReference; fileEncoding = 4; lastKnownFileType = sourcecode.swift; path = TRRecordServiceTests.swift; sourceTree = "<group>"; };
		EFF328DA1B87C218001B9E84 /* TREditTracksTableView.swift */ = {isa = PBXFileReference; fileEncoding = 4; lastKnownFileType = sourcecode.swift; path = TREditTracksTableView.swift; sourceTree = "<group>"; };
		EFF328DC1B87C5C6001B9E84 /* TREditTracksTableViewCell.swift */ = {isa = PBXFileReference; fileEncoding = 4; lastKnownFileType = sourcecode.swift; path = TREditTracksTableViewCell.swift; sourceTree = "<group>"; };
		EFF5E6011A885BCB00B59CD4 /* Tracker-Bridging-Header.h */ = {isa = PBXFileReference; lastKnownFileType = sourcecode.c.h; path = "Tracker-Bridging-Header.h"; sourceTree = "<group>"; };
		EFF8FB7C1BB0E53F00E2A379 /* TRTrackerTableViewCell.swift */ = {isa = PBXFileReference; fileEncoding = 4; lastKnownFileType = sourcecode.swift; path = TRTrackerTableViewCell.swift; sourceTree = "<group>"; };
		EFFB1D541BB323470003F42F /* TRTrackingOptionsTableViewController.swift */ = {isa = PBXFileReference; fileEncoding = 4; lastKnownFileType = sourcecode.swift; path = TRTrackingOptionsTableViewController.swift; sourceTree = "<group>"; };
		EFFB1D561BB33ACA0003F42F /* TRTrackingOptionsTableViewCellMultiple.xib */ = {isa = PBXFileReference; fileEncoding = 4; lastKnownFileType = file.xib; path = TRTrackingOptionsTableViewCellMultiple.xib; sourceTree = "<group>"; };
		EFFB1D581BB3427B0003F42F /* TRTrackingOptionsTableViewCellUrge.xib */ = {isa = PBXFileReference; fileEncoding = 4; lastKnownFileType = file.xib; path = TRTrackingOptionsTableViewCellUrge.xib; sourceTree = "<group>"; };
		EFFCF9D91AFA9318004DEDB9 /* TRDateFormatter.swift */ = {isa = PBXFileReference; fileEncoding = 4; lastKnownFileType = sourcecode.swift; path = TRDateFormatter.swift; sourceTree = "<group>"; };
		EFFCF9DB1AFA9C26004DEDB9 /* TRCurrentDate.swift */ = {isa = PBXFileReference; fileEncoding = 4; lastKnownFileType = sourcecode.swift; path = TRCurrentDate.swift; sourceTree = "<group>"; };
		F920E52B1BDC38E300E269F6 /* TRNavigationController.swift */ = {isa = PBXFileReference; fileEncoding = 4; lastKnownFileType = sourcecode.swift; path = TRNavigationController.swift; sourceTree = "<group>"; };
/* End PBXFileReference section */

/* Begin PBXFrameworksBuildPhase section */
		EFE083EB1A86A9B100AC9631 /* Frameworks */ = {
			isa = PBXFrameworksBuildPhase;
			buildActionMask = 2147483647;
			files = (
				E17245E75E992DD3BEA241B3 /* Pods_Tracker.framework in Frameworks */,
			);
			runOnlyForDeploymentPostprocessing = 0;
		};
		EFE084021A86A9B100AC9631 /* Frameworks */ = {
			isa = PBXFrameworksBuildPhase;
			buildActionMask = 2147483647;
			files = (
				6254712634B63432ADF42F27 /* Pods_TrackerTests.framework in Frameworks */,
			);
			runOnlyForDeploymentPostprocessing = 0;
		};
/* End PBXFrameworksBuildPhase section */

/* Begin PBXGroup section */
		0BBE14A81BBA896BE4F15FD3 /* Pods */ = {
			isa = PBXGroup;
			children = (
				54B27EDACAD8A87277A70789 /* Pods-Tracker.debug.xcconfig */,
				552D0FBFF161A60D313AA58F /* Pods-Tracker.release.xcconfig */,
				615DD27FE14861EAB6D516F8 /* Pods-TrackerTests.debug.xcconfig */,
				0E93EFF4A5C6B4902C182392 /* Pods-TrackerTests.release.xcconfig */,
				4312C81532628D7339CAB874 /* Pods-TrackIt.debug.xcconfig */,
				186B23C7D38FFC61C7BB0D21 /* Pods-TrackIt.release.xcconfig */,
				0C459376465AA52DE4514CF0 /* Pods-TrackItTests.debug.xcconfig */,
				AC2BB2303B972E6E8E70A1CC /* Pods-TrackItTests.release.xcconfig */,
			);
			name = Pods;
			sourceTree = "<group>";
		};
		33C030457BE33A8141EB5F7D /* Frameworks */ = {
			isa = PBXGroup;
			children = (
				14D533F76E1CF4A5F5873397 /* Pods_Tracker.framework */,
				43B672E98257AADA6A21AB52 /* Pods_TrackerTests.framework */,
				9198402C4F9A83F2B6788988 /* Pods_TrackIt.framework */,
				D7A920A77FFCC7D29D4F4D54 /* Pods_TrackItTests.framework */,
			);
			name = Frameworks;
			sourceTree = "<group>";
		};
		EF0CB4141BB5A55E00D74B83 /* TRColors */ = {
			isa = PBXGroup;
			children = (
				EF7C17391BA7346B000A3947 /* TRColors.swift */,
				EFDDA9581BB12AA30052ED78 /* TRColorGenerator.swift */,
			);
			name = TRColors;
			sourceTree = "<group>";
		};
		EF0CB4171BB5F18100D74B83 /* TRTrackerCells */ = {
			isa = PBXGroup;
			children = (
				EFF8FB7C1BB0E53F00E2A379 /* TRTrackerTableViewCell.swift */,
				EF8D6DCF1BCAB8C7007C360B /* TRTrackerTableViewCellWithPlusButton.swift */,
				EF8D6DD01BCAB8C7007C360B /* TRTrackerTableViewCellWithTextField.swift */,
				EFA6E1991BD995D000664EDE /* TRTrackerTableViewCellSize.swift */,
				EF0CB4151BB5B1B500D74B83 /* TRStatsView.swift */,
			);
			name = TRTrackerCells;
			sourceTree = "<group>";
		};
		EF1FA9461B7E64ED00AC9095 /* TRChooseableDate */ = {
			isa = PBXGroup;
			children = (
				EF649E411B54A10D004431C6 /* TRChooseableDateViewController.swift */,
				EFFCF9DB1AFA9C26004DEDB9 /* TRCurrentDate.swift */,
				EFFCF9D91AFA9318004DEDB9 /* TRDateFormatter.swift */,
			);
			name = TRChooseableDate;
			sourceTree = "<group>";
		};
		EF3D9FA51B850E8E009042CA /* CLWeeklyCalendarViewSourceCode */ = {
			isa = PBXGroup;
			children = (
				EF3D9FA61B850E8E009042CA /* CLWeeklyCalendarView.h */,
				EF3D9FA71B850E8E009042CA /* CLWeeklyCalendarView.m */,
				EF3D9FA81B850E8E009042CA /* DailyCalendarView.h */,
				EF3D9FA91B850E8E009042CA /* DailyCalendarView.m */,
				EF3D9FAA1B850E8E009042CA /* DayTitleLabel.h */,
				EF3D9FAB1B850E8E009042CA /* DayTitleLabel.m */,
				EF3D9FAC1B850E8E009042CA /* Misc */,
			);
			path = CLWeeklyCalendarViewSourceCode;
			sourceTree = "<group>";
		};
		EF3D9FAC1B850E8E009042CA /* Misc */ = {
			isa = PBXGroup;
			children = (
				EF3D9FAD1B850E8E009042CA /* NSDate+CL.h */,
				EF3D9FAE1B850E8E009042CA /* NSDate+CL.m */,
				EF3D9FAF1B850E8E009042CA /* NSDictionary+CL.h */,
				EF3D9FB01B850E8E009042CA /* NSDictionary+CL.m */,
				EF3D9FB11B850E8E009042CA /* UIColor+CL.h */,
				EF3D9FB21B850E8E009042CA /* UIColor+CL.m */,
				EF3D9FB31B850E8E009042CA /* UIImage+CL.h */,
				EF3D9FB41B850E8E009042CA /* UIImage+CL.m */,
			);
			path = Misc;
			sourceTree = "<group>";
		};
		EF4BF8C11B966DB700B2AAA1 /* TRManageItems */ = {
			isa = PBXGroup;
			children = (
				EF86B2B21BA0E5360080DC97 /* TRManageItemsView */,
				EF4BF8C21B966E0300B2AAA1 /* TRManageItemsViewController.swift */,
				EFA45C081BABA0A900EAFB76 /* TRManageItemsPresenter.swift */,
				EF86B2B81BA0FC420080DC97 /* TRItemsModel */,
			);
			name = TRManageItems;
			sourceTree = "<group>";
		};
		EF53D05F1B86637B007873B4 /* TRTrackerView */ = {
			isa = PBXGroup;
			children = (
				EFC9CD6A1B7D606800060D54 /* TRTrackerView.swift */,
				EF93495A1BB23286005EF50C /* TRTrackerView+UITableViewDelegate.swift */,
				EF0CB4171BB5F18100D74B83 /* TRTrackerCells */,
			);
			name = TRTrackerView;
			sourceTree = "<group>";
		};
		EF53D0641B8677E2007873B4 /* TRTrackerPresenter */ = {
			isa = PBXGroup;
			children = (
				EFA9B5E71B7D7EBD00BAA839 /* TRTrackerPresenter.swift */,
				EFA5B5B81BB799020013A5F8 /* TRTrackerPresenter+UITableViewDataSource.swift */,
				EF1CA9B21BB75B5B0002924D /* TRTrackerPresenter+TRTrackerViewDelegate.swift */,
				EF3D9FBC1B85146F009042CA /* TRTrackerPresenter+TRDateChooserObserver.swift */,
			);
			name = TRTrackerPresenter;
			sourceTree = "<group>";
		};
		EF53D0651B867811007873B4 /* TRRecordsModel */ = {
			isa = PBXGroup;
			children = (
				EFA9B5E91B7D811800BAA839 /* TRRrecordsModel.swift */,
				EF5AB94E1B7FF91B0061286E /* TRRecordsModelTests.swift */,
				EF70DE261B8D147E00CDAFC5 /* TRRecordSortManager.swift */,
				EFA45C051BAB9AC800EAFB76 /* TRRecordService.swift */,
				EFF07F3A1B8399A000ED6520 /* TRRecordServiceTests.swift */,
				EF378F561B891CFA00235464 /* TRRecord.swift */,
				EF35BA2F1AF3D29400456D38 /* TRRecordType.swift */,
			);
			name = TRRecordsModel;
			sourceTree = "<group>";
		};
		EF86B2B21BA0E5360080DC97 /* TRManageItemsView */ = {
			isa = PBXGroup;
			children = (
				EF86B2B31BA0E56E0080DC97 /* TRManageItemsTableViewCell.swift */,
			);
			name = TRManageItemsView;
			sourceTree = "<group>";
		};
		EF86B2B81BA0FC420080DC97 /* TRItemsModel */ = {
			isa = PBXGroup;
			children = (
				EF86B2B91BA0FC5C0080DC97 /* TRItemsModel.swift */,
				EF86B2BD1BA1055C0080DC97 /* TRItemService.swift */,
				EF86B2BB1BA0FDBA0080DC97 /* TRItem.swift */,
				EF35BA2C1AF3CA9300456D38 /* TRPreloadedItems.swift */,
			);
			name = TRItemsModel;
			sourceTree = "<group>";
		};
		EF9FB0661B2A4D5800AD1164 /* TrackViaWatch */ = {
			isa = PBXGroup;
			children = (
				EF9FB0671B2A4D5800AD1164 /* Interface.storyboard */,
				EF9FB06A1B2A4D5800AD1164 /* Assets.xcassets */,
				EF9FB06C1B2A4D5800AD1164 /* Info.plist */,
			);
			path = TrackViaWatch;
			sourceTree = "<group>";
		};
		EF9FB0751B2A4D5800AD1164 /* TrackViaWatch Extension */ = {
			isa = PBXGroup;
			children = (
				EF9FB0781B2A4D5800AD1164 /* MainInterfaceController.swift */,
				EFABDA1B1B2B299300FCF5A3 /* MainInterfacePresenter.swift */,
				EF9FB07A1B2A4D5800AD1164 /* ExtensionDelegate.swift */,
				EF9FB07C1B2A4D5800AD1164 /* NotificationController.swift */,
				EF9FB07E1B2A4D5800AD1164 /* GlanceController.swift */,
				EF9FB0801B2A4D5800AD1164 /* ComplicationController.swift */,
				EF9FB0821B2A4D5800AD1164 /* Assets.xcassets */,
				EF9FB0841B2A4D5800AD1164 /* Info.plist */,
				EF9FB0761B2A4D5800AD1164 /* Supporting Files */,
			);
			path = "TrackViaWatch Extension";
			sourceTree = "<group>";
		};
		EF9FB0761B2A4D5800AD1164 /* Supporting Files */ = {
			isa = PBXGroup;
			children = (
				EF9FB0771B2A4D5800AD1164 /* PushNotificationPayload.apns */,
			);
			name = "Supporting Files";
			sourceTree = "<group>";
		};
		EFA1EF871BA75B47007D82E6 /* TREditItem */ = {
			isa = PBXGroup;
			children = (
				EFA1EF8D1BA75D7F007D82E6 /* TREditItemView */,
				EFA1EF931BA78BE8007D82E6 /* TREditItemViewController */,
				EFA1EF8E1BA75DCA007D82E6 /* TREditItemPresenter */,
			);
			name = TREditItem;
			sourceTree = "<group>";
		};
		EFA1EF8D1BA75D7F007D82E6 /* TREditItemView */ = {
			isa = PBXGroup;
			children = (
				EFA1EF911BA788D0007D82E6 /* TREditItemTableViewInputCell.swift */,
				EF9A004E1BA8B6C7009FF92E /* TREditItemTableViewViceCell.swift */,
				EFA1EF941BA78D26007D82E6 /* TREditItemTextField.swift */,
				EFA45C0B1BABD32500EAFB76 /* TRKeyboardToolbar.swift */,
			);
			name = TREditItemView;
			sourceTree = "<group>";
		};
		EFA1EF8E1BA75DCA007D82E6 /* TREditItemPresenter */ = {
			isa = PBXGroup;
			children = (
				EFA1EF8F1BA75E77007D82E6 /* TREditItemPresenter.swift */,
			);
			name = TREditItemPresenter;
			sourceTree = "<group>";
		};
		EFA1EF931BA78BE8007D82E6 /* TREditItemViewController */ = {
			isa = PBXGroup;
			children = (
				EFA1EF8B1BA75BB6007D82E6 /* TREditItemViewController.swift */,
			);
			name = TREditItemViewController;
			sourceTree = "<group>";
		};
		EFA6E19B1BD9AFFE00664EDE /* Drawer */ = {
			isa = PBXGroup;
			children = (
				EFA6E19C1BD9B01D00664EDE /* TRDrawerController.swift */,
			);
			name = Drawer;
			path = ..;
			sourceTree = "<group>";
		};
		EFC9CD671B7D249B00060D54 /* TRTracker */ = {
			isa = PBXGroup;
			children = (
				EF53D05F1B86637B007873B4 /* TRTrackerView */,
				EFD8AEB31B965EB300962BA0 /* TRTrackerViewController */,
				EF53D0641B8677E2007873B4 /* TRTrackerPresenter */,
				EF53D0651B867811007873B4 /* TRRecordsModel */,
				EFFB1D531BB3231D0003F42F /* TRTrackingOptions */,
			);
			name = TRTracker;
			sourceTree = "<group>";
		};
		EFCA44AB1AF2BCD40012AE52 /* Open Sourced Libraries */ = {
			isa = PBXGroup;
			children = (
				EF3D9FA51B850E8E009042CA /* CLWeeklyCalendarViewSourceCode */,
			);
			name = "Open Sourced Libraries";
			sourceTree = "<group>";
		};
		EFD8AEA81B96486100962BA0 /* TRSettings */ = {
			isa = PBXGroup;
			children = (
				EFD8AEAB1B9658C000962BA0 /* TRSettingsTableViewCell.swift */,
				EF52F2441A8735CF00315B35 /* TRSettingsViewController.swift */,
				EF4BF8C61B966FC300B2AAA1 /* TRSettingsViewController+UITableViewDelegate.swift */,
				EF4BF8C41B966F6C00B2AAA1 /* TRSettingsPresenter+UITableViewDataSource.swift */,
				EFD8AEAE1B965C0200962BA0 /* TRSettingsModel.swift */,
			);
			name = TRSettings;
			sourceTree = "<group>";
		};
		EFD8AEB11B965E8C00962BA0 /* TREditTracksViewController */ = {
			isa = PBXGroup;
			children = (
				EF44E7C41B87E64F0088242C /* TREditTracksViewController.swift */,
				EF3779A11B8ECB7300D6FB97 /* TREditTracksViewController+UITableViewDataSource.swift */,
				EF37799F1B8ECB2500D6FB97 /* TREditTracksViewController+UISearchBarDelegate.swift */,
			);
			name = TREditTracksViewController;
			sourceTree = "<group>";
		};
		EFD8AEB21B965E9800962BA0 /* TREditTracksView */ = {
			isa = PBXGroup;
			children = (
				EFF328DA1B87C218001B9E84 /* TREditTracksTableView.swift */,
				EFF328DC1B87C5C6001B9E84 /* TREditTracksTableViewCell.swift */,
				EF70DE2C1B8D480D00CDAFC5 /* TREditTracksTableViewCellDecorator.swift */,
			);
			name = TREditTracksView;
			sourceTree = "<group>";
		};
		EFD8AEB31B965EB300962BA0 /* TRTrackerViewController */ = {
			isa = PBXGroup;
			children = (
				EFE083F51A86A9B100AC9631 /* TRTrackerViewController.swift */,
			);
			name = TRTrackerViewController;
			sourceTree = "<group>";
		};
		EFD8AEB41B965F4600962BA0 /* TRStats */ = {
			isa = PBXGroup;
			children = (
				EFE083F71A86A9B100AC9631 /* TRStatsViewController.swift */,
			);
			name = TRStats;
			sourceTree = "<group>";
		};
		EFE083E51A86A9B100AC9631 = {
			isa = PBXGroup;
			children = (
				EFE083F01A86A9B100AC9631 /* TrackIt */,
				EFE084081A86A9B100AC9631 /* TrackItTests */,
				EF9FB0661B2A4D5800AD1164 /* TrackViaWatch */,
				EF9FB0751B2A4D5800AD1164 /* TrackViaWatch Extension */,
				EFE083EF1A86A9B100AC9631 /* Products */,
				0BBE14A81BBA896BE4F15FD3 /* Pods */,
				33C030457BE33A8141EB5F7D /* Frameworks */,
			);
			sourceTree = "<group>";
		};
		EFE083EF1A86A9B100AC9631 /* Products */ = {
			isa = PBXGroup;
			children = (
				EFE083EE1A86A9B100AC9631 /* Tracker.app */,
				EFE084051A86A9B100AC9631 /* Tracker.xctest */,
			);
			name = Products;
			sourceTree = "<group>";
		};
		EFE083F01A86A9B100AC9631 /* TrackIt */ = {
			isa = PBXGroup;
			children = (
				EFE083F31A86A9B100AC9631 /* TRAppDelegate.swift */,
				EFE083F91A86A9B100AC9631 /* TRMain.storyboard */,
				EFA6E19B1BD9AFFE00664EDE /* Drawer */,
				EFC9CD671B7D249B00060D54 /* TRTracker */,
				EF1FA9461B7E64ED00AC9095 /* TRChooseableDate */,
				EFF328D91B87C1F5001B9E84 /* TREditTracks */,
				EFD8AEA81B96486100962BA0 /* TRSettings */,
				EF4BF8C11B966DB700B2AAA1 /* TRManageItems */,
				EFA1EF871BA75B47007D82E6 /* TREditItem */,
				EFD8AEB41B965F4600962BA0 /* TRStats */,
				EF0CB4141BB5A55E00D74B83 /* TRColors */,
				F920E52A1BDC38C000E269F6 /* Utilities */,
				EFCA44AB1AF2BCD40012AE52 /* Open Sourced Libraries */,
				EFE083F11A86A9B100AC9631 /* Supporting Files */,
			);
			name = TrackIt;
			path = Tracker;
			sourceTree = "<group>";
		};
		EFE083F11A86A9B100AC9631 /* Supporting Files */ = {
			isa = PBXGroup;
			children = (
				EFF5E6011A885BCB00B59CD4 /* Tracker-Bridging-Header.h */,
				EFA9B5E51B7D6A5B00BAA839 /* Info.plist */,
				EFE083FC1A86A9B100AC9631 /* Images.xcassets */,
			);
			name = "Supporting Files";
			sourceTree = "<group>";
		};
		EFE084081A86A9B100AC9631 /* TrackItTests */ = {
			isa = PBXGroup;
			children = (
				EFE084091A86A9B100AC9631 /* Supporting Files */,
			);
			name = TrackItTests;
			path = TrackerTests;
			sourceTree = "<group>";
		};
		EFE084091A86A9B100AC9631 /* Supporting Files */ = {
			isa = PBXGroup;
			children = (
				EFE0840A1A86A9B100AC9631 /* Info.plist */,
				EF5AB9531B7FFDEE0061286E /* Tracker-Unit-Test-Bridging-Header.h */,
				EFE9F63F1BAB43AC00C786FE /* MockItemService.swift */,
				EF70DE2A1B8D3DBA00CDAFC5 /* MockRecordService.swift */,
				EFB392901B93609E002EC06C /* MockRecord.swift */,
				EFB392921B939A92002EC06C /* MockQuery.swift */,
			);
			name = "Supporting Files";
			sourceTree = "<group>";
		};
		EFF328D91B87C1F5001B9E84 /* TREditTracks */ = {
			isa = PBXGroup;
			children = (
				EFD8AEB21B965E9800962BA0 /* TREditTracksView */,
				EFD8AEB11B965E8C00962BA0 /* TREditTracksViewController */,
			);
			name = TREditTracks;
			sourceTree = "<group>";
		};
		EFFB1D531BB3231D0003F42F /* TRTrackingOptions */ = {
			isa = PBXGroup;
			children = (
				EFFB1D541BB323470003F42F /* TRTrackingOptionsTableViewController.swift */,
				EFFB1D561BB33ACA0003F42F /* TRTrackingOptionsTableViewCellMultiple.xib */,
				EFFB1D581BB3427B0003F42F /* TRTrackingOptionsTableViewCellUrge.xib */,
				EF0C1ACA1BB47C5800F3ADB1 /* TRTrackingOptionsTableViewIncrementStyleCell.swift */,
			);
			name = TRTrackingOptions;
			sourceTree = "<group>";
		};
		F920E52A1BDC38C000E269F6 /* Utilities */ = {
			isa = PBXGroup;
			children = (
				F920E52B1BDC38E300E269F6 /* TRNavigationController.swift */,
			);
			name = Utilities;
			sourceTree = "<group>";
		};
/* End PBXGroup section */

/* Begin PBXNativeTarget section */
		EFE083ED1A86A9B100AC9631 /* Tracker */ = {
			isa = PBXNativeTarget;
			buildConfigurationList = EFE0840F1A86A9B100AC9631 /* Build configuration list for PBXNativeTarget "Tracker" */;
			buildPhases = (
				C882B60EE31D885ABA86A3E5 /* Check Pods Manifest.lock */,
				EFE083EA1A86A9B100AC9631 /* Sources */,
				EFE083EB1A86A9B100AC9631 /* Frameworks */,
				EFE083EC1A86A9B100AC9631 /* Resources */,
				EF9FB08F1B2A4D5800AD1164 /* Embed Watch Content */,
				4F3B80AE4696AB98F1238242 /* Copy Pods Resources */,
				EFF07F3D1B83D2C600ED6520 /* ShellScript */,
				19A5B0C958E58FB758E5F690 /* Embed Pods Frameworks */,
			);
			buildRules = (
			);
			dependencies = (
			);
			name = Tracker;
			productName = Tracker;
			productReference = EFE083EE1A86A9B100AC9631 /* Tracker.app */;
			productType = "com.apple.product-type.application";
		};
		EFE084041A86A9B100AC9631 /* TrackerTests */ = {
			isa = PBXNativeTarget;
			buildConfigurationList = EFE084121A86A9B100AC9631 /* Build configuration list for PBXNativeTarget "TrackerTests" */;
			buildPhases = (
				604B0D803E70E0A6D7C18ED3 /* Check Pods Manifest.lock */,
				EFE084011A86A9B100AC9631 /* Sources */,
				EFE084021A86A9B100AC9631 /* Frameworks */,
				EFE084031A86A9B100AC9631 /* Resources */,
				B202162626CFAC4FF3841560 /* Copy Pods Resources */,
				8B8EE4F9FD74FD63BB1664DA /* Embed Pods Frameworks */,
			);
			buildRules = (
			);
			dependencies = (
				EFE084071A86A9B100AC9631 /* PBXTargetDependency */,
			);
			name = TrackerTests;
			productName = TrackerTests;
			productReference = EFE084051A86A9B100AC9631 /* Tracker.xctest */;
			productType = "com.apple.product-type.bundle.unit-test";
		};
/* End PBXNativeTarget section */

/* Begin PBXProject section */
		EFE083E61A86A9B100AC9631 /* Project object */ = {
			isa = PBXProject;
			attributes = {
				LastSwiftUpdateCheck = 0700;
				LastUpgradeCheck = 0700;
				ORGANIZATIONNAME = Tracker;
				TargetAttributes = {
					EFE083ED1A86A9B100AC9631 = {
						CreatedOnToolsVersion = 6.1.1;
					};
					EFE084041A86A9B100AC9631 = {
						CreatedOnToolsVersion = 6.1.1;
					};
				};
			};
			buildConfigurationList = EFE083E91A86A9B100AC9631 /* Build configuration list for PBXProject "Tracker" */;
			compatibilityVersion = "Xcode 3.2";
			developmentRegion = English;
			hasScannedForEncodings = 0;
			knownRegions = (
				en,
				Base,
			);
			mainGroup = EFE083E51A86A9B100AC9631;
			productRefGroup = EFE083EF1A86A9B100AC9631 /* Products */;
			projectDirPath = "";
			projectRoot = "";
			targets = (
				EFE083ED1A86A9B100AC9631 /* Tracker */,
				EFE084041A86A9B100AC9631 /* TrackerTests */,
			);
		};
/* End PBXProject section */

/* Begin PBXResourcesBuildPhase section */
		EFE083EC1A86A9B100AC9631 /* Resources */ = {
			isa = PBXResourcesBuildPhase;
			buildActionMask = 2147483647;
			files = (
				EFFB1D591BB3427B0003F42F /* TRTrackingOptionsTableViewCellUrge.xib in Resources */,
				EFFB1D571BB33ACA0003F42F /* TRTrackingOptionsTableViewCellMultiple.xib in Resources */,
				EF802E151B8A9A1900C51C33 /* TRMain.storyboard in Resources */,
				EFE083FD1A86A9B100AC9631 /* Images.xcassets in Resources */,
			);
			runOnlyForDeploymentPostprocessing = 0;
		};
		EFE084031A86A9B100AC9631 /* Resources */ = {
			isa = PBXResourcesBuildPhase;
			buildActionMask = 2147483647;
			files = (
			);
			runOnlyForDeploymentPostprocessing = 0;
		};
/* End PBXResourcesBuildPhase section */

/* Begin PBXShellScriptBuildPhase section */
		19A5B0C958E58FB758E5F690 /* Embed Pods Frameworks */ = {
			isa = PBXShellScriptBuildPhase;
			buildActionMask = 2147483647;
			files = (
			);
			inputPaths = (
			);
			name = "Embed Pods Frameworks";
			outputPaths = (
			);
			runOnlyForDeploymentPostprocessing = 0;
			shellPath = /bin/sh;
			shellScript = "\"${SRCROOT}/Pods/Target Support Files/Pods-Tracker/Pods-Tracker-frameworks.sh\"\n";
			showEnvVarsInLog = 0;
		};
		4F3B80AE4696AB98F1238242 /* Copy Pods Resources */ = {
			isa = PBXShellScriptBuildPhase;
			buildActionMask = 2147483647;
			files = (
			);
			inputPaths = (
			);
			name = "Copy Pods Resources";
			outputPaths = (
			);
			runOnlyForDeploymentPostprocessing = 0;
			shellPath = /bin/sh;
			shellScript = "\"${SRCROOT}/Pods/Target Support Files/Pods-Tracker/Pods-Tracker-resources.sh\"\n";
			showEnvVarsInLog = 0;
		};
		604B0D803E70E0A6D7C18ED3 /* Check Pods Manifest.lock */ = {
			isa = PBXShellScriptBuildPhase;
			buildActionMask = 2147483647;
			files = (
			);
			inputPaths = (
			);
			name = "Check Pods Manifest.lock";
			outputPaths = (
			);
			runOnlyForDeploymentPostprocessing = 0;
			shellPath = /bin/sh;
			shellScript = "diff \"${PODS_ROOT}/../Podfile.lock\" \"${PODS_ROOT}/Manifest.lock\" > /dev/null\nif [[ $? != 0 ]] ; then\n    cat << EOM\nerror: The sandbox is not in sync with the Podfile.lock. Run 'pod install' or update your CocoaPods installation.\nEOM\n    exit 1\nfi\n";
			showEnvVarsInLog = 0;
		};
		8B8EE4F9FD74FD63BB1664DA /* Embed Pods Frameworks */ = {
			isa = PBXShellScriptBuildPhase;
			buildActionMask = 2147483647;
			files = (
			);
			inputPaths = (
			);
			name = "Embed Pods Frameworks";
			outputPaths = (
			);
			runOnlyForDeploymentPostprocessing = 0;
			shellPath = /bin/sh;
			shellScript = "\"${SRCROOT}/Pods/Target Support Files/Pods-TrackerTests/Pods-TrackerTests-frameworks.sh\"\n";
			showEnvVarsInLog = 0;
		};
		B202162626CFAC4FF3841560 /* Copy Pods Resources */ = {
			isa = PBXShellScriptBuildPhase;
			buildActionMask = 2147483647;
			files = (
			);
			inputPaths = (
			);
			name = "Copy Pods Resources";
			outputPaths = (
			);
			runOnlyForDeploymentPostprocessing = 0;
			shellPath = /bin/sh;
			shellScript = "\"${SRCROOT}/Pods/Target Support Files/Pods-TrackerTests/Pods-TrackerTests-resources.sh\"\n";
			showEnvVarsInLog = 0;
		};
		C882B60EE31D885ABA86A3E5 /* Check Pods Manifest.lock */ = {
			isa = PBXShellScriptBuildPhase;
			buildActionMask = 2147483647;
			files = (
			);
			inputPaths = (
			);
			name = "Check Pods Manifest.lock";
			outputPaths = (
			);
			runOnlyForDeploymentPostprocessing = 0;
			shellPath = /bin/sh;
			shellScript = "diff \"${PODS_ROOT}/../Podfile.lock\" \"${PODS_ROOT}/Manifest.lock\" > /dev/null\nif [[ $? != 0 ]] ; then\n    cat << EOM\nerror: The sandbox is not in sync with the Podfile.lock. Run 'pod install' or update your CocoaPods installation.\nEOM\n    exit 1\nfi\n";
			showEnvVarsInLog = 0;
		};
		EFF07F3D1B83D2C600ED6520 /* ShellScript */ = {
			isa = PBXShellScriptBuildPhase;
			buildActionMask = 2147483647;
			files = (
			);
			inputPaths = (
			);
			outputPaths = (
			);
			runOnlyForDeploymentPostprocessing = 0;
			shellPath = /bin/sh;
			shellScript = "\"${PODS_ROOT}/Fabric/Fabric.framework/run\" 0a0212c9a729fc5c3e32348fcf827ee97c5cb9bd 01be25f3bdc148e5dcca511a3999bc102cbd3118f359ae7ed4438268d17c76e6";
		};
/* End PBXShellScriptBuildPhase section */

/* Begin PBXSourcesBuildPhase section */
		EFE083EA1A86A9B100AC9631 /* Sources */ = {
			isa = PBXSourcesBuildPhase;
			buildActionMask = 2147483647;
			files = (
				EF86B2B41BA0E56F0080DC97 /* TRManageItemsTableViewCell.swift in Sources */,
				EFA45C0C1BABD32500EAFB76 /* TRKeyboardToolbar.swift in Sources */,
				EFA1EF901BA75E77007D82E6 /* TREditItemPresenter.swift in Sources */,
				EF3D9FB81B850E8E009042CA /* NSDate+CL.m in Sources */,
				EF8D6DD11BCAB8C7007C360B /* TRTrackerTableViewCellWithPlusButton.swift in Sources */,
				EF35BA301AF3D29400456D38 /* TRRecordType.swift in Sources */,
				EF86B2BE1BA1055C0080DC97 /* TRItemService.swift in Sources */,
				EFA45C061BAB9AC800EAFB76 /* TRRecordService.swift in Sources */,
				EF3D9FBD1B85146F009042CA /* TRTrackerPresenter+TRDateChooserObserver.swift in Sources */,
				EFFB1D551BB323470003F42F /* TRTrackingOptionsTableViewController.swift in Sources */,
				EF3D9FBB1B850E8E009042CA /* UIImage+CL.m in Sources */,
				EF1CA9B31BB75B5B0002924D /* TRTrackerPresenter+TRTrackerViewDelegate.swift in Sources */,
				EFDDA9591BB12AA30052ED78 /* TRColorGenerator.swift in Sources */,
				EF649E421B54A10D004431C6 /* TRChooseableDateViewController.swift in Sources */,
				EF3779A01B8ECB2500D6FB97 /* TREditTracksViewController+UISearchBarDelegate.swift in Sources */,
				EFD8AEAC1B9658C000962BA0 /* TRSettingsTableViewCell.swift in Sources */,
				EF4BF8C31B966E0300B2AAA1 /* TRManageItemsViewController.swift in Sources */,
				EF0CB4161BB5B1B500D74B83 /* TRStatsView.swift in Sources */,
				EFE083F81A86A9B100AC9631 /* TRStatsViewController.swift in Sources */,
				EFFCF9DA1AFA9318004DEDB9 /* TRDateFormatter.swift in Sources */,
				EFA9B5EA1B7D811800BAA839 /* TRRrecordsModel.swift in Sources */,
				EFF328DB1B87C218001B9E84 /* TREditTracksTableView.swift in Sources */,
				EFE083F41A86A9B100AC9631 /* TRAppDelegate.swift in Sources */,
				EFA1EF921BA788D0007D82E6 /* TREditItemTableViewInputCell.swift in Sources */,
				EF35BA2D1AF3CA9400456D38 /* TRPreloadedItems.swift in Sources */,
				EF4BF8C51B966F6C00B2AAA1 /* TRSettingsPresenter+UITableViewDataSource.swift in Sources */,
				EF0C1ACB1BB47C5800F3ADB1 /* TRTrackingOptionsTableViewIncrementStyleCell.swift in Sources */,
				EFA1EF8C1BA75BB6007D82E6 /* TREditItemViewController.swift in Sources */,
				EF44E7C51B87E64F0088242C /* TREditTracksViewController.swift in Sources */,
				EFFCF9DC1AFA9C26004DEDB9 /* TRCurrentDate.swift in Sources */,
				EF7C173A1BA7346B000A3947 /* TRColors.swift in Sources */,
				EF3D9FB61B850E8E009042CA /* DailyCalendarView.m in Sources */,
				EFA6E19D1BD9B01D00664EDE /* TRDrawerController.swift in Sources */,
				EFA1EF951BA78D26007D82E6 /* TREditItemTextField.swift in Sources */,
				EFA5B5B91BB799020013A5F8 /* TRTrackerPresenter+UITableViewDataSource.swift in Sources */,
				EF3779A21B8ECB7300D6FB97 /* TREditTracksViewController+UITableViewDataSource.swift in Sources */,
				EFD8AEAF1B965C0200962BA0 /* TRSettingsModel.swift in Sources */,
				EFF328DD1B87C5C6001B9E84 /* TREditTracksTableViewCell.swift in Sources */,
				EFE083F61A86A9B100AC9631 /* TRTrackerViewController.swift in Sources */,
				EF52F2451A8735CF00315B35 /* TRSettingsViewController.swift in Sources */,
				EF86B2BA1BA0FC5C0080DC97 /* TRItemsModel.swift in Sources */,
				EFC9CD6B1B7D606800060D54 /* TRTrackerView.swift in Sources */,
				EFA9B5E81B7D7EBD00BAA839 /* TRTrackerPresenter.swift in Sources */,
				EF3D9FB71B850E8E009042CA /* DayTitleLabel.m in Sources */,
				EFA45C091BABA0A900EAFB76 /* TRManageItemsPresenter.swift in Sources */,
				EF3D9FB91B850E8E009042CA /* NSDictionary+CL.m in Sources */,
				EF3D9FB51B850E8E009042CA /* CLWeeklyCalendarView.m in Sources */,
				EFA6E19A1BD995D000664EDE /* TRTrackerTableViewCellSize.swift in Sources */,
				EF8D6DD21BCAB8C7007C360B /* TRTrackerTableViewCellWithTextField.swift in Sources */,
				EF86B2BC1BA0FDBA0080DC97 /* TRItem.swift in Sources */,
				EF70DE271B8D147E00CDAFC5 /* TRRecordSortManager.swift in Sources */,
				F920E52C1BDC38E300E269F6 /* TRNavigationController.swift in Sources */,
				EF4BF8C71B966FC300B2AAA1 /* TRSettingsViewController+UITableViewDelegate.swift in Sources */,
				EF3D9FBA1B850E8E009042CA /* UIColor+CL.m in Sources */,
				EFF8FB7D1BB0E53F00E2A379 /* TRTrackerTableViewCell.swift in Sources */,
				EF70DE2D1B8D480D00CDAFC5 /* TREditTracksTableViewCellDecorator.swift in Sources */,
				EF93495B1BB23286005EF50C /* TRTrackerView+UITableViewDelegate.swift in Sources */,
				EF9A004F1BA8B6C7009FF92E /* TREditItemTableViewViceCell.swift in Sources */,
				EF378F571B891CFA00235464 /* TRRecord.swift in Sources */,
			);
			runOnlyForDeploymentPostprocessing = 0;
		};
		EFE084011A86A9B100AC9631 /* Sources */ = {
			isa = PBXSourcesBuildPhase;
			buildActionMask = 2147483647;
			files = (
				EFB392911B93609E002EC06C /* MockRecord.swift in Sources */,
				EF70DE2B1B8D3DBA00CDAFC5 /* MockRecordService.swift in Sources */,
				EFB392981B93A25B002EC06C /* TRRecordType.swift in Sources */,
				EFB392961B93A22D002EC06C /* TRRecordSortManager.swift in Sources */,
				EF41496D1BA8ED4800428F48 /* TRItemService.swift in Sources */,
				EFE9F6411BAB442100C786FE /* MockItemService.swift in Sources */,
				EF41496C1BA8ED3F00428F48 /* TRItem.swift in Sources */,
				EFB3929A1B93A295002EC06C /* TRDateFormatter.swift in Sources */,
				EFB3929B1B93A2A3002EC06C /* TRCurrentDate.swift in Sources */,
				EFB392971B93A231002EC06C /* TRRecord.swift in Sources */,
				EF41496B1BA8ED2200428F48 /* TRItemsModel.swift in Sources */,
				EFB392941B93A1E7002EC06C /* TRRrecordsModel.swift in Sources */,
				EFFDD9641B8BB9090062FFCE /* TRRecordsModelTests.swift in Sources */,
				EFB392991B93A26D002EC06C /* TRPreloadedItems.swift in Sources */,
				EFB392931B939A92002EC06C /* MockQuery.swift in Sources */,
				EFFDD9651B8BB9090062FFCE /* TRRecordServiceTests.swift in Sources */,
				EFA45C071BAB9AC800EAFB76 /* TRRecordService.swift in Sources */,
			);
			runOnlyForDeploymentPostprocessing = 0;
		};
/* End PBXSourcesBuildPhase section */

/* Begin PBXTargetDependency section */
		EFE084071A86A9B100AC9631 /* PBXTargetDependency */ = {
			isa = PBXTargetDependency;
			target = EFE083ED1A86A9B100AC9631 /* Tracker */;
			targetProxy = EFE084061A86A9B100AC9631 /* PBXContainerItemProxy */;
		};
/* End PBXTargetDependency section */

/* Begin PBXVariantGroup section */
		EF9FB0671B2A4D5800AD1164 /* Interface.storyboard */ = {
			isa = PBXVariantGroup;
			children = (
				EF9FB0681B2A4D5800AD1164 /* Base */,
			);
			name = Interface.storyboard;
			sourceTree = "<group>";
		};
		EFE083F91A86A9B100AC9631 /* TRMain.storyboard */ = {
			isa = PBXVariantGroup;
			children = (
				EFE083FA1A86A9B100AC9631 /* Base */,
			);
			name = TRMain.storyboard;
			sourceTree = "<group>";
		};
/* End PBXVariantGroup section */

/* Begin XCBuildConfiguration section */
		EFE0840D1A86A9B100AC9631 /* Debug */ = {
			isa = XCBuildConfiguration;
			buildSettings = {
				ALWAYS_SEARCH_USER_PATHS = NO;
				CLANG_CXX_LANGUAGE_STANDARD = "gnu++0x";
				CLANG_CXX_LIBRARY = "libc++";
				CLANG_ENABLE_MODULES = YES;
				CLANG_ENABLE_OBJC_ARC = YES;
				CLANG_WARN_BOOL_CONVERSION = YES;
				CLANG_WARN_CONSTANT_CONVERSION = YES;
				CLANG_WARN_DIRECT_OBJC_ISA_USAGE = YES_ERROR;
				CLANG_WARN_EMPTY_BODY = YES;
				CLANG_WARN_ENUM_CONVERSION = YES;
				CLANG_WARN_INT_CONVERSION = YES;
				CLANG_WARN_OBJC_ROOT_CLASS = YES_ERROR;
				CLANG_WARN_UNREACHABLE_CODE = YES;
				CLANG_WARN__DUPLICATE_METHOD_MATCH = YES;
				CODE_SIGN_IDENTITY = "";
				"CODE_SIGN_IDENTITY[sdk=iphoneos*]" = "";
				COPY_PHASE_STRIP = NO;
				ENABLE_BITCODE = NO;
				ENABLE_STRICT_OBJC_MSGSEND = YES;
				ENABLE_TESTABILITY = YES;
				GCC_C_LANGUAGE_STANDARD = gnu99;
				GCC_DYNAMIC_NO_PIC = NO;
				GCC_OPTIMIZATION_LEVEL = 0;
				GCC_PREPROCESSOR_DEFINITIONS = (
					"DEBUG=1",
					"$(inherited)",
				);
				GCC_SYMBOLS_PRIVATE_EXTERN = NO;
				GCC_WARN_64_TO_32_BIT_CONVERSION = YES;
				GCC_WARN_ABOUT_RETURN_TYPE = YES_ERROR;
				GCC_WARN_UNDECLARED_SELECTOR = YES;
				GCC_WARN_UNINITIALIZED_AUTOS = YES_AGGRESSIVE;
				GCC_WARN_UNUSED_FUNCTION = YES;
				GCC_WARN_UNUSED_VARIABLE = YES;
				IPHONEOS_DEPLOYMENT_TARGET = 8.1;
				MTL_ENABLE_DEBUG_INFO = YES;
				ONLY_ACTIVE_ARCH = YES;
				PROVISIONING_PROFILE = "";
				SDKROOT = iphoneos;
				SWIFT_OPTIMIZATION_LEVEL = "-Onone";
				TARGETED_DEVICE_FAMILY = "1,2";
			};
			name = Debug;
		};
		EFE0840E1A86A9B100AC9631 /* Release */ = {
			isa = XCBuildConfiguration;
			buildSettings = {
				ALWAYS_SEARCH_USER_PATHS = NO;
				CLANG_CXX_LANGUAGE_STANDARD = "gnu++0x";
				CLANG_CXX_LIBRARY = "libc++";
				CLANG_ENABLE_MODULES = YES;
				CLANG_ENABLE_OBJC_ARC = YES;
				CLANG_WARN_BOOL_CONVERSION = YES;
				CLANG_WARN_CONSTANT_CONVERSION = YES;
				CLANG_WARN_DIRECT_OBJC_ISA_USAGE = YES_ERROR;
				CLANG_WARN_EMPTY_BODY = YES;
				CLANG_WARN_ENUM_CONVERSION = YES;
				CLANG_WARN_INT_CONVERSION = YES;
				CLANG_WARN_OBJC_ROOT_CLASS = YES_ERROR;
				CLANG_WARN_UNREACHABLE_CODE = YES;
				CLANG_WARN__DUPLICATE_METHOD_MATCH = YES;
				CODE_SIGN_IDENTITY = "";
				"CODE_SIGN_IDENTITY[sdk=iphoneos*]" = "";
				COPY_PHASE_STRIP = NO;
				ENABLE_BITCODE = NO;
				ENABLE_NS_ASSERTIONS = NO;
				ENABLE_STRICT_OBJC_MSGSEND = YES;
				GCC_C_LANGUAGE_STANDARD = gnu99;
				GCC_WARN_64_TO_32_BIT_CONVERSION = YES;
				GCC_WARN_ABOUT_RETURN_TYPE = YES_ERROR;
				GCC_WARN_UNDECLARED_SELECTOR = YES;
				GCC_WARN_UNINITIALIZED_AUTOS = YES_AGGRESSIVE;
				GCC_WARN_UNUSED_FUNCTION = YES;
				GCC_WARN_UNUSED_VARIABLE = YES;
				IPHONEOS_DEPLOYMENT_TARGET = 8.1;
				MTL_ENABLE_DEBUG_INFO = NO;
				OTHER_SWIFT_FLAGS = "-DRELEASE";
				PROVISIONING_PROFILE = "";
				SDKROOT = iphoneos;
				TARGETED_DEVICE_FAMILY = "1,2";
				VALIDATE_PRODUCT = YES;
			};
			name = Release;
		};
		EFE084101A86A9B100AC9631 /* Debug */ = {
			isa = XCBuildConfiguration;
			baseConfigurationReference = 54B27EDACAD8A87277A70789 /* Pods-Tracker.debug.xcconfig */;
			buildSettings = {
				ASSETCATALOG_COMPILER_APPICON_NAME = AppIcon;
				CLANG_ENABLE_MODULES = YES;
				CODE_SIGN_IDENTITY = "iPhone Developer";
				"CODE_SIGN_IDENTITY[sdk=iphoneos*]" = "iPhone Developer";
				DEFINES_MODULE = YES;
				INFOPLIST_FILE = Tracker/Info.plist;
				IPHONEOS_DEPLOYMENT_TARGET = 8.0;
				LD_RUNPATH_SEARCH_PATHS = "$(inherited) @executable_path/Frameworks";
				PRODUCT_BUNDLE_IDENTIFIER = "com.$(PRODUCT_NAME:rfc1034identifier)";
				PRODUCT_NAME = Tracker;
				PROVISIONING_PROFILE = "";
				SWIFT_OBJC_BRIDGING_HEADER = "Tracker/Tracker-Bridging-Header.h";
				SWIFT_OPTIMIZATION_LEVEL = "-Onone";
				TARGETED_DEVICE_FAMILY = 1;
			};
			name = Debug;
		};
		EFE084111A86A9B100AC9631 /* Release */ = {
			isa = XCBuildConfiguration;
			baseConfigurationReference = 552D0FBFF161A60D313AA58F /* Pods-Tracker.release.xcconfig */;
			buildSettings = {
				ASSETCATALOG_COMPILER_APPICON_NAME = AppIcon;
				CLANG_ENABLE_MODULES = YES;
				CODE_SIGN_IDENTITY = "iPhone Developer";
				"CODE_SIGN_IDENTITY[sdk=iphoneos*]" = "iPhone Developer";
				DEFINES_MODULE = YES;
				INFOPLIST_FILE = Tracker/Info.plist;
				IPHONEOS_DEPLOYMENT_TARGET = 8.0;
				LD_RUNPATH_SEARCH_PATHS = "$(inherited) @executable_path/Frameworks";
				PRODUCT_BUNDLE_IDENTIFIER = "com.$(PRODUCT_NAME:rfc1034identifier)";
				PRODUCT_NAME = Tracker;
				PROVISIONING_PROFILE = "";
				SWIFT_OBJC_BRIDGING_HEADER = "Tracker/Tracker-Bridging-Header.h";
				TARGETED_DEVICE_FAMILY = 1;
			};
			name = Release;
		};
		EFE084131A86A9B100AC9631 /* Debug */ = {
			isa = XCBuildConfiguration;
			baseConfigurationReference = 615DD27FE14861EAB6D516F8 /* Pods-TrackerTests.debug.xcconfig */;
			buildSettings = {
				DEFINES_MODULE = YES;
				FRAMEWORK_SEARCH_PATHS = (
					"$(SDKROOT)/Developer/Library/Frameworks",
					"$(inherited)",
				);
				GCC_PREPROCESSOR_DEFINITIONS = "$(inherited)";
				INFOPLIST_FILE = TrackerTests/Info.plist;
				LD_RUNPATH_SEARCH_PATHS = "$(inherited) @executable_path/Frameworks @loader_path/Frameworks";
				PRODUCT_BUNDLE_IDENTIFIER = "com.$(PRODUCT_NAME:rfc1034identifier)";
				PRODUCT_NAME = Tracker;
				SWIFT_OBJC_BRIDGING_HEADER = "TrackerTests/Tracker-Unit-Test-Bridging-Header.h";
			};
			name = Debug;
		};
		EFE084141A86A9B100AC9631 /* Release */ = {
			isa = XCBuildConfiguration;
			baseConfigurationReference = 0E93EFF4A5C6B4902C182392 /* Pods-TrackerTests.release.xcconfig */;
			buildSettings = {
				DEFINES_MODULE = YES;
				FRAMEWORK_SEARCH_PATHS = (
					"$(SDKROOT)/Developer/Library/Frameworks",
					"$(inherited)",
				);
				INFOPLIST_FILE = TrackerTests/Info.plist;
				LD_RUNPATH_SEARCH_PATHS = "$(inherited) @executable_path/Frameworks @loader_path/Frameworks";
				PRODUCT_BUNDLE_IDENTIFIER = "com.$(PRODUCT_NAME:rfc1034identifier)";
				PRODUCT_NAME = Tracker;
				SWIFT_OBJC_BRIDGING_HEADER = "TrackerTests/Tracker-Unit-Test-Bridging-Header.h";
			};
			name = Release;
		};
/* End XCBuildConfiguration section */

/* Begin XCConfigurationList section */
		EFE083E91A86A9B100AC9631 /* Build configuration list for PBXProject "Tracker" */ = {
			isa = XCConfigurationList;
			buildConfigurations = (
				EFE0840D1A86A9B100AC9631 /* Debug */,
				EFE0840E1A86A9B100AC9631 /* Release */,
			);
			defaultConfigurationIsVisible = 0;
			defaultConfigurationName = Release;
		};
		EFE0840F1A86A9B100AC9631 /* Build configuration list for PBXNativeTarget "Tracker" */ = {
			isa = XCConfigurationList;
			buildConfigurations = (
				EFE084101A86A9B100AC9631 /* Debug */,
				EFE084111A86A9B100AC9631 /* Release */,
			);
			defaultConfigurationIsVisible = 0;
			defaultConfigurationName = Release;
		};
		EFE084121A86A9B100AC9631 /* Build configuration list for PBXNativeTarget "TrackerTests" */ = {
			isa = XCConfigurationList;
			buildConfigurations = (
				EFE084131A86A9B100AC9631 /* Debug */,
				EFE084141A86A9B100AC9631 /* Release */,
			);
			defaultConfigurationIsVisible = 0;
			defaultConfigurationName = Release;
		};
/* End XCConfigurationList section */
	};
	rootObject = EFE083E61A86A9B100AC9631 /* Project object */;
}
