// !$*UTF8*$!
{
	archiveVersion = 1;
	classes = {
	};
	objectVersion = 46;
	objects = {

/* Begin PBXBuildFile section */
		EF2F2A6B1B489AA6009C886E /* DatePicker.swift in Sources */ = {isa = PBXBuildFile; fileRef = EF2F2A6A1B489AA6009C886E /* DatePicker.swift */; };
		EF2F2A6F1B48B65E009C886E /* TRToolBarForPickerView.swift in Sources */ = {isa = PBXBuildFile; fileRef = EF2F2A6E1B48B65E009C886E /* TRToolBarForPickerView.swift */; };
		EF35BA2D1AF3CA9400456D38 /* TRTrackableItems.swift in Sources */ = {isa = PBXBuildFile; fileRef = EF35BA2C1AF3CA9300456D38 /* TRTrackableItems.swift */; };
		EF35BA301AF3D29400456D38 /* TRTrackingType.swift in Sources */ = {isa = PBXBuildFile; fileRef = EF35BA2F1AF3D29400456D38 /* TRTrackingType.swift */; };
		EF52F2451A8735CF00315B35 /* SettingsViewController.swift in Sources */ = {isa = PBXBuildFile; fileRef = EF52F2441A8735CF00315B35 /* SettingsViewController.swift */; };
		EF649E421B54A10D004431C6 /* DateViewController.swift in Sources */ = {isa = PBXBuildFile; fileRef = EF649E411B54A10D004431C6 /* DateViewController.swift */; };
		EF6A8B4D1B3B91470012312E /* TRTrackerPresenter+UIPickerViewDelegate.swift in Sources */ = {isa = PBXBuildFile; fileRef = EF6A8B4C1B3B91470012312E /* TRTrackerPresenter+UIPickerViewDelegate.swift */; };
		EF6A8B4F1B3B91E60012312E /* TRTrackerPresenter+UIPickerViewDataSource.swift in Sources */ = {isa = PBXBuildFile; fileRef = EF6A8B4E1B3B91E60012312E /* TRTrackerPresenter+UIPickerViewDataSource.swift */; };
		EF776FB61B3B7F9000B64960 /* MainInterfaceController.swift in Sources */ = {isa = PBXBuildFile; fileRef = EF9FB0781B2A4D5800AD1164 /* MainInterfaceController.swift */; };
		EF7CE0101AF0204700C451B1 /* TPKeyboardAvoidingScrollView.m in Sources */ = {isa = PBXBuildFile; fileRef = EF7CE00F1AF0204700C451B1 /* TPKeyboardAvoidingScrollView.m */; };
		EF7CE0131AF021C600C451B1 /* UIScrollView+TPKeyboardAvoidingAdditions.m in Sources */ = {isa = PBXBuildFile; fileRef = EF7CE0121AF021C600C451B1 /* UIScrollView+TPKeyboardAvoidingAdditions.m */; };
		EF7CE0171AF0228600C451B1 /* HTPressableButton.m in Sources */ = {isa = PBXBuildFile; fileRef = EF7CE0161AF0228600C451B1 /* HTPressableButton.m */; };
		EF7CE01A1AF0238800C451B1 /* FXForms.m in Sources */ = {isa = PBXBuildFile; fileRef = EF7CE0191AF0238800C451B1 /* FXForms.m */; };
		EF7CE01D1AF023B000C451B1 /* UIImage+HTButton.m in Sources */ = {isa = PBXBuildFile; fileRef = EF7CE01C1AF023B000C451B1 /* UIImage+HTButton.m */; };
		EF7CE0221AF023CC00C451B1 /* HTPressableButtonPrefs.m in Sources */ = {isa = PBXBuildFile; fileRef = EF7CE01F1AF023CC00C451B1 /* HTPressableButtonPrefs.m */; };
		EF7CE0231AF023CC00C451B1 /* UIColor+HTColor.m in Sources */ = {isa = PBXBuildFile; fileRef = EF7CE0211AF023CC00C451B1 /* UIColor+HTColor.m */; };
		EF9FB0691B2A4D5800AD1164 /* Interface.storyboard in Resources */ = {isa = PBXBuildFile; fileRef = EF9FB0671B2A4D5800AD1164 /* Interface.storyboard */; };
		EF9FB06B1B2A4D5800AD1164 /* Assets.xcassets in Resources */ = {isa = PBXBuildFile; fileRef = EF9FB06A1B2A4D5800AD1164 /* Assets.xcassets */; };
		EF9FB0721B2A4D5800AD1164 /* TrackViaWatch Extension.appex in Embed App Extensions */ = {isa = PBXBuildFile; fileRef = EF9FB0711B2A4D5800AD1164 /* TrackViaWatch Extension.appex */; settings = {ATTRIBUTES = (RemoveHeadersOnCopy, ); }; };
		EF9FB0791B2A4D5800AD1164 /* MainInterfaceController.swift in Sources */ = {isa = PBXBuildFile; fileRef = EF9FB0781B2A4D5800AD1164 /* MainInterfaceController.swift */; };
		EF9FB07B1B2A4D5800AD1164 /* ExtensionDelegate.swift in Sources */ = {isa = PBXBuildFile; fileRef = EF9FB07A1B2A4D5800AD1164 /* ExtensionDelegate.swift */; };
		EF9FB07D1B2A4D5800AD1164 /* NotificationController.swift in Sources */ = {isa = PBXBuildFile; fileRef = EF9FB07C1B2A4D5800AD1164 /* NotificationController.swift */; };
		EF9FB07F1B2A4D5800AD1164 /* GlanceController.swift in Sources */ = {isa = PBXBuildFile; fileRef = EF9FB07E1B2A4D5800AD1164 /* GlanceController.swift */; };
		EF9FB0811B2A4D5800AD1164 /* ComplicationController.swift in Sources */ = {isa = PBXBuildFile; fileRef = EF9FB0801B2A4D5800AD1164 /* ComplicationController.swift */; };
		EF9FB0831B2A4D5800AD1164 /* Assets.xcassets in Resources */ = {isa = PBXBuildFile; fileRef = EF9FB0821B2A4D5800AD1164 /* Assets.xcassets */; };
		EF9FB0871B2A4D5800AD1164 /* TrackViaWatch.app in Embed Watch Content */ = {isa = PBXBuildFile; fileRef = EF9FB0651B2A4D5800AD1164 /* TrackViaWatch.app */; };
		EFA9B5E61B7D6A5B00BAA839 /* Info.plist in Resources */ = {isa = PBXBuildFile; fileRef = EFA9B5E51B7D6A5B00BAA839 /* Info.plist */; };
		EFA9B5E81B7D7EBD00BAA839 /* TRTrackerPresenter.swift in Sources */ = {isa = PBXBuildFile; fileRef = EFA9B5E71B7D7EBD00BAA839 /* TRTrackerPresenter.swift */; };
		EFA9B5EA1B7D811800BAA839 /* TRTrackerModel.swift in Sources */ = {isa = PBXBuildFile; fileRef = EFA9B5E91B7D811800BAA839 /* TRTrackerModel.swift */; };
		EFA9B5EC1B7D857900BAA839 /* TRTrackerViewController+UITextFieldDelegate.swift in Sources */ = {isa = PBXBuildFile; fileRef = EFA9B5EB1B7D857900BAA839 /* TRTrackerViewController+UITextFieldDelegate.swift */; };
		EFABDA1C1B2B299300FCF5A3 /* MainInterfacePresenter.swift in Sources */ = {isa = PBXBuildFile; fileRef = EFABDA1B1B2B299300FCF5A3 /* MainInterfacePresenter.swift */; };
		EFABDA1D1B2B299300FCF5A3 /* MainInterfacePresenter.swift in Sources */ = {isa = PBXBuildFile; fileRef = EFABDA1B1B2B299300FCF5A3 /* MainInterfacePresenter.swift */; };
		EFC9CD691B7D3BEF00060D54 /* DateViewController+UIPopoverPresentationControllerDelegate.swift in Sources */ = {isa = PBXBuildFile; fileRef = EFC9CD681B7D3BEF00060D54 /* DateViewController+UIPopoverPresentationControllerDelegate.swift */; };
		EFC9CD6B1B7D606800060D54 /* TRTrackerView.swift in Sources */ = {isa = PBXBuildFile; fileRef = EFC9CD6A1B7D606800060D54 /* TRTrackerView.swift */; };
		EFCA44AE1AF2BD430012AE52 /* TRTrackerButton.swift in Sources */ = {isa = PBXBuildFile; fileRef = EFCA44AD1AF2BD430012AE52 /* TRTrackerButton.swift */; };
		EFE083F41A86A9B100AC9631 /* AppDelegate.swift in Sources */ = {isa = PBXBuildFile; fileRef = EFE083F31A86A9B100AC9631 /* AppDelegate.swift */; };
		EFE083F61A86A9B100AC9631 /* TRTrackerViewController.swift in Sources */ = {isa = PBXBuildFile; fileRef = EFE083F51A86A9B100AC9631 /* TRTrackerViewController.swift */; };
		EFE083F81A86A9B100AC9631 /* StatsViewController.swift in Sources */ = {isa = PBXBuildFile; fileRef = EFE083F71A86A9B100AC9631 /* StatsViewController.swift */; };
		EFE083FB1A86A9B100AC9631 /* Main.storyboard in Resources */ = {isa = PBXBuildFile; fileRef = EFE083F91A86A9B100AC9631 /* Main.storyboard */; };
		EFE083FD1A86A9B100AC9631 /* Images.xcassets in Resources */ = {isa = PBXBuildFile; fileRef = EFE083FC1A86A9B100AC9631 /* Images.xcassets */; };
		EFF5E6061A8861BC00B59CD4 /* SettingsForm.swift in Sources */ = {isa = PBXBuildFile; fileRef = EFF5E6051A8861BC00B59CD4 /* SettingsForm.swift */; };
		EFFCF9DA1AFA9318004DEDB9 /* ChooseableDates.swift in Sources */ = {isa = PBXBuildFile; fileRef = EFFCF9D91AFA9318004DEDB9 /* ChooseableDates.swift */; };
		EFFCF9DC1AFA9C26004DEDB9 /* CurrentDate.swift in Sources */ = {isa = PBXBuildFile; fileRef = EFFCF9DB1AFA9C26004DEDB9 /* CurrentDate.swift */; };
/* End PBXBuildFile section */

/* Begin PBXContainerItemProxy section */
		EF9FB0731B2A4D5800AD1164 /* PBXContainerItemProxy */ = {
			isa = PBXContainerItemProxy;
			containerPortal = EFE083E61A86A9B100AC9631 /* Project object */;
			proxyType = 1;
			remoteGlobalIDString = EF9FB0701B2A4D5800AD1164;
			remoteInfo = "TrackViaWatch Extension";
		};
		EF9FB0851B2A4D5800AD1164 /* PBXContainerItemProxy */ = {
			isa = PBXContainerItemProxy;
			containerPortal = EFE083E61A86A9B100AC9631 /* Project object */;
			proxyType = 1;
			remoteGlobalIDString = EF9FB0641B2A4D5800AD1164;
			remoteInfo = TrackViaWatch;
		};
		EFE084061A86A9B100AC9631 /* PBXContainerItemProxy */ = {
			isa = PBXContainerItemProxy;
			containerPortal = EFE083E61A86A9B100AC9631 /* Project object */;
			proxyType = 1;
			remoteGlobalIDString = EFE083ED1A86A9B100AC9631;
			remoteInfo = Tracker;
		};
/* End PBXContainerItemProxy section */

/* Begin PBXCopyFilesBuildPhase section */
		EF9FB08D1B2A4D5800AD1164 /* Embed App Extensions */ = {
			isa = PBXCopyFilesBuildPhase;
			buildActionMask = 2147483647;
			dstPath = "";
			dstSubfolderSpec = 13;
			files = (
				EF9FB0721B2A4D5800AD1164 /* TrackViaWatch Extension.appex in Embed App Extensions */,
			);
			name = "Embed App Extensions";
			runOnlyForDeploymentPostprocessing = 0;
		};
		EF9FB08F1B2A4D5800AD1164 /* Embed Watch Content */ = {
			isa = PBXCopyFilesBuildPhase;
			buildActionMask = 2147483647;
			dstPath = "$(CONTENTS_FOLDER_PATH)/Watch";
			dstSubfolderSpec = 16;
			files = (
				EF9FB0871B2A4D5800AD1164 /* TrackViaWatch.app in Embed Watch Content */,
			);
			name = "Embed Watch Content";
			runOnlyForDeploymentPostprocessing = 0;
		};
/* End PBXCopyFilesBuildPhase section */

/* Begin PBXFileReference section */
		EF2F2A6A1B489AA6009C886E /* DatePicker.swift */ = {isa = PBXFileReference; fileEncoding = 4; lastKnownFileType = sourcecode.swift; path = DatePicker.swift; sourceTree = "<group>"; };
		EF2F2A6E1B48B65E009C886E /* TRToolBarForPickerView.swift */ = {isa = PBXFileReference; fileEncoding = 4; lastKnownFileType = sourcecode.swift; path = TRToolBarForPickerView.swift; sourceTree = "<group>"; };
		EF35BA2C1AF3CA9300456D38 /* TRTrackableItems.swift */ = {isa = PBXFileReference; fileEncoding = 4; lastKnownFileType = sourcecode.swift; path = TRTrackableItems.swift; sourceTree = "<group>"; };
		EF35BA2F1AF3D29400456D38 /* TRTrackingType.swift */ = {isa = PBXFileReference; fileEncoding = 4; lastKnownFileType = sourcecode.swift; path = TRTrackingType.swift; sourceTree = "<group>"; };
		EF52F2441A8735CF00315B35 /* SettingsViewController.swift */ = {isa = PBXFileReference; fileEncoding = 4; lastKnownFileType = sourcecode.swift; path = SettingsViewController.swift; sourceTree = "<group>"; };
		EF649E411B54A10D004431C6 /* DateViewController.swift */ = {isa = PBXFileReference; fileEncoding = 4; lastKnownFileType = sourcecode.swift; path = DateViewController.swift; sourceTree = "<group>"; };
		EF6A8B4C1B3B91470012312E /* TRTrackerPresenter+UIPickerViewDelegate.swift */ = {isa = PBXFileReference; fileEncoding = 4; lastKnownFileType = sourcecode.swift; path = "TRTrackerPresenter+UIPickerViewDelegate.swift"; sourceTree = "<group>"; };
		EF6A8B4E1B3B91E60012312E /* TRTrackerPresenter+UIPickerViewDataSource.swift */ = {isa = PBXFileReference; fileEncoding = 4; lastKnownFileType = sourcecode.swift; path = "TRTrackerPresenter+UIPickerViewDataSource.swift"; sourceTree = "<group>"; };
		EF7CE00E1AF0204700C451B1 /* TPKeyboardAvoidingScrollView.h */ = {isa = PBXFileReference; fileEncoding = 4; lastKnownFileType = sourcecode.c.h; path = TPKeyboardAvoidingScrollView.h; sourceTree = "<group>"; };
		EF7CE00F1AF0204700C451B1 /* TPKeyboardAvoidingScrollView.m */ = {isa = PBXFileReference; fileEncoding = 4; lastKnownFileType = sourcecode.c.objc; path = TPKeyboardAvoidingScrollView.m; sourceTree = "<group>"; };
		EF7CE0111AF021C600C451B1 /* UIScrollView+TPKeyboardAvoidingAdditions.h */ = {isa = PBXFileReference; fileEncoding = 4; lastKnownFileType = sourcecode.c.h; path = "UIScrollView+TPKeyboardAvoidingAdditions.h"; sourceTree = "<group>"; };
		EF7CE0121AF021C600C451B1 /* UIScrollView+TPKeyboardAvoidingAdditions.m */ = {isa = PBXFileReference; fileEncoding = 4; lastKnownFileType = sourcecode.c.objc; path = "UIScrollView+TPKeyboardAvoidingAdditions.m"; sourceTree = "<group>"; };
		EF7CE0151AF0228600C451B1 /* HTPressableButton.h */ = {isa = PBXFileReference; fileEncoding = 4; lastKnownFileType = sourcecode.c.h; path = HTPressableButton.h; sourceTree = "<group>"; };
		EF7CE0161AF0228600C451B1 /* HTPressableButton.m */ = {isa = PBXFileReference; fileEncoding = 4; lastKnownFileType = sourcecode.c.objc; path = HTPressableButton.m; sourceTree = "<group>"; };
		EF7CE0181AF0238800C451B1 /* FXForms.h */ = {isa = PBXFileReference; fileEncoding = 4; lastKnownFileType = sourcecode.c.h; path = FXForms.h; sourceTree = "<group>"; };
		EF7CE0191AF0238800C451B1 /* FXForms.m */ = {isa = PBXFileReference; fileEncoding = 4; lastKnownFileType = sourcecode.c.objc; path = FXForms.m; sourceTree = "<group>"; };
		EF7CE01B1AF023B000C451B1 /* UIImage+HTButton.h */ = {isa = PBXFileReference; fileEncoding = 4; lastKnownFileType = sourcecode.c.h; path = "UIImage+HTButton.h"; sourceTree = "<group>"; };
		EF7CE01C1AF023B000C451B1 /* UIImage+HTButton.m */ = {isa = PBXFileReference; fileEncoding = 4; lastKnownFileType = sourcecode.c.objc; path = "UIImage+HTButton.m"; sourceTree = "<group>"; };
		EF7CE01E1AF023CC00C451B1 /* HTPressableButtonPrefs.h */ = {isa = PBXFileReference; fileEncoding = 4; lastKnownFileType = sourcecode.c.h; path = HTPressableButtonPrefs.h; sourceTree = "<group>"; };
		EF7CE01F1AF023CC00C451B1 /* HTPressableButtonPrefs.m */ = {isa = PBXFileReference; fileEncoding = 4; lastKnownFileType = sourcecode.c.objc; path = HTPressableButtonPrefs.m; sourceTree = "<group>"; };
		EF7CE0201AF023CC00C451B1 /* UIColor+HTColor.h */ = {isa = PBXFileReference; fileEncoding = 4; lastKnownFileType = sourcecode.c.h; path = "UIColor+HTColor.h"; sourceTree = "<group>"; };
		EF7CE0211AF023CC00C451B1 /* UIColor+HTColor.m */ = {isa = PBXFileReference; fileEncoding = 4; lastKnownFileType = sourcecode.c.objc; path = "UIColor+HTColor.m"; sourceTree = "<group>"; };
		EF9FB0651B2A4D5800AD1164 /* TrackViaWatch.app */ = {isa = PBXFileReference; explicitFileType = wrapper.application; includeInIndex = 0; path = TrackViaWatch.app; sourceTree = BUILT_PRODUCTS_DIR; };
		EF9FB0681B2A4D5800AD1164 /* Base */ = {isa = PBXFileReference; lastKnownFileType = file.storyboard; name = Base; path = Base.lproj/Interface.storyboard; sourceTree = "<group>"; };
		EF9FB06A1B2A4D5800AD1164 /* Assets.xcassets */ = {isa = PBXFileReference; lastKnownFileType = folder.assetcatalog; path = Assets.xcassets; sourceTree = "<group>"; };
		EF9FB06C1B2A4D5800AD1164 /* Info.plist */ = {isa = PBXFileReference; lastKnownFileType = text.plist.xml; path = Info.plist; sourceTree = "<group>"; };
		EF9FB0711B2A4D5800AD1164 /* TrackViaWatch Extension.appex */ = {isa = PBXFileReference; explicitFileType = "wrapper.app-extension"; includeInIndex = 0; path = "TrackViaWatch Extension.appex"; sourceTree = BUILT_PRODUCTS_DIR; };
		EF9FB0771B2A4D5800AD1164 /* PushNotificationPayload.apns */ = {isa = PBXFileReference; lastKnownFileType = text; path = PushNotificationPayload.apns; sourceTree = "<group>"; };
		EF9FB0781B2A4D5800AD1164 /* MainInterfaceController.swift */ = {isa = PBXFileReference; lastKnownFileType = sourcecode.swift; path = MainInterfaceController.swift; sourceTree = "<group>"; };
		EF9FB07A1B2A4D5800AD1164 /* ExtensionDelegate.swift */ = {isa = PBXFileReference; lastKnownFileType = sourcecode.swift; path = ExtensionDelegate.swift; sourceTree = "<group>"; };
		EF9FB07C1B2A4D5800AD1164 /* NotificationController.swift */ = {isa = PBXFileReference; lastKnownFileType = sourcecode.swift; path = NotificationController.swift; sourceTree = "<group>"; };
		EF9FB07E1B2A4D5800AD1164 /* GlanceController.swift */ = {isa = PBXFileReference; lastKnownFileType = sourcecode.swift; path = GlanceController.swift; sourceTree = "<group>"; };
		EF9FB0801B2A4D5800AD1164 /* ComplicationController.swift */ = {isa = PBXFileReference; lastKnownFileType = sourcecode.swift; path = ComplicationController.swift; sourceTree = "<group>"; };
		EF9FB0821B2A4D5800AD1164 /* Assets.xcassets */ = {isa = PBXFileReference; lastKnownFileType = folder.assetcatalog; path = Assets.xcassets; sourceTree = "<group>"; };
		EF9FB0841B2A4D5800AD1164 /* Info.plist */ = {isa = PBXFileReference; lastKnownFileType = text.plist.xml; path = Info.plist; sourceTree = "<group>"; };
		EFA9B5E51B7D6A5B00BAA839 /* Info.plist */ = {isa = PBXFileReference; fileEncoding = 4; lastKnownFileType = text.plist.xml; path = Info.plist; sourceTree = "<group>"; };
		EFA9B5E71B7D7EBD00BAA839 /* TRTrackerPresenter.swift */ = {isa = PBXFileReference; fileEncoding = 4; lastKnownFileType = sourcecode.swift; path = TRTrackerPresenter.swift; sourceTree = "<group>"; };
		EFA9B5E91B7D811800BAA839 /* TRTrackerModel.swift */ = {isa = PBXFileReference; fileEncoding = 4; lastKnownFileType = sourcecode.swift; path = TRTrackerModel.swift; sourceTree = "<group>"; };
		EFA9B5EB1B7D857900BAA839 /* TRTrackerViewController+UITextFieldDelegate.swift */ = {isa = PBXFileReference; fileEncoding = 4; lastKnownFileType = sourcecode.swift; path = "TRTrackerViewController+UITextFieldDelegate.swift"; sourceTree = "<group>"; };
		EFABDA1B1B2B299300FCF5A3 /* MainInterfacePresenter.swift */ = {isa = PBXFileReference; fileEncoding = 4; lastKnownFileType = sourcecode.swift; path = MainInterfacePresenter.swift; sourceTree = "<group>"; };
		EFC9CD681B7D3BEF00060D54 /* DateViewController+UIPopoverPresentationControllerDelegate.swift */ = {isa = PBXFileReference; fileEncoding = 4; lastKnownFileType = sourcecode.swift; path = "DateViewController+UIPopoverPresentationControllerDelegate.swift"; sourceTree = "<group>"; };
		EFC9CD6A1B7D606800060D54 /* TRTrackerView.swift */ = {isa = PBXFileReference; fileEncoding = 4; lastKnownFileType = sourcecode.swift; path = TRTrackerView.swift; sourceTree = "<group>"; };
		EFCA44AD1AF2BD430012AE52 /* TRTrackerButton.swift */ = {isa = PBXFileReference; fileEncoding = 4; lastKnownFileType = sourcecode.swift; path = TRTrackerButton.swift; sourceTree = "<group>"; };
		EFE083EE1A86A9B100AC9631 /* Tracker.app */ = {isa = PBXFileReference; explicitFileType = wrapper.application; includeInIndex = 0; path = Tracker.app; sourceTree = BUILT_PRODUCTS_DIR; };
		EFE083F31A86A9B100AC9631 /* AppDelegate.swift */ = {isa = PBXFileReference; lastKnownFileType = sourcecode.swift; path = AppDelegate.swift; sourceTree = "<group>"; };
		EFE083F51A86A9B100AC9631 /* TRTrackerViewController.swift */ = {isa = PBXFileReference; lastKnownFileType = sourcecode.swift; path = TRTrackerViewController.swift; sourceTree = "<group>"; wrapsLines = 0; };
		EFE083F71A86A9B100AC9631 /* StatsViewController.swift */ = {isa = PBXFileReference; lastKnownFileType = sourcecode.swift; path = StatsViewController.swift; sourceTree = "<group>"; };
		EFE083FA1A86A9B100AC9631 /* Base */ = {isa = PBXFileReference; lastKnownFileType = file.storyboard; name = Base; path = Base.lproj/Main.storyboard; sourceTree = "<group>"; };
		EFE083FC1A86A9B100AC9631 /* Images.xcassets */ = {isa = PBXFileReference; lastKnownFileType = folder.assetcatalog; path = Images.xcassets; sourceTree = "<group>"; };
		EFE084051A86A9B100AC9631 /* TrackerTests.xctest */ = {isa = PBXFileReference; explicitFileType = wrapper.cfbundle; includeInIndex = 0; path = TrackerTests.xctest; sourceTree = BUILT_PRODUCTS_DIR; };
		EFE0840A1A86A9B100AC9631 /* Info.plist */ = {isa = PBXFileReference; lastKnownFileType = text.plist.xml; path = Info.plist; sourceTree = "<group>"; };
		EFF5E6011A885BCB00B59CD4 /* Tracker-Bridging-Header.h */ = {isa = PBXFileReference; lastKnownFileType = sourcecode.c.h; path = "Tracker-Bridging-Header.h"; sourceTree = "<group>"; };
		EFF5E6051A8861BC00B59CD4 /* SettingsForm.swift */ = {isa = PBXFileReference; fileEncoding = 4; lastKnownFileType = sourcecode.swift; path = SettingsForm.swift; sourceTree = "<group>"; };
		EFFCF9D91AFA9318004DEDB9 /* ChooseableDates.swift */ = {isa = PBXFileReference; fileEncoding = 4; lastKnownFileType = sourcecode.swift; path = ChooseableDates.swift; sourceTree = "<group>"; };
		EFFCF9DB1AFA9C26004DEDB9 /* CurrentDate.swift */ = {isa = PBXFileReference; fileEncoding = 4; lastKnownFileType = sourcecode.swift; path = CurrentDate.swift; sourceTree = "<group>"; };
/* End PBXFileReference section */

/* Begin PBXFrameworksBuildPhase section */
		EF9FB06E1B2A4D5800AD1164 /* Frameworks */ = {
			isa = PBXFrameworksBuildPhase;
			buildActionMask = 2147483647;
			files = (
			);
			runOnlyForDeploymentPostprocessing = 0;
		};
		EFE083EB1A86A9B100AC9631 /* Frameworks */ = {
			isa = PBXFrameworksBuildPhase;
			buildActionMask = 2147483647;
			files = (
			);
			runOnlyForDeploymentPostprocessing = 0;
		};
		EFE084021A86A9B100AC9631 /* Frameworks */ = {
			isa = PBXFrameworksBuildPhase;
			buildActionMask = 2147483647;
			files = (
			);
			runOnlyForDeploymentPostprocessing = 0;
		};
/* End PBXFrameworksBuildPhase section */

/* Begin PBXGroup section */
		EF7CE00A1AF0050300C451B1 /* FXForms */ = {
			isa = PBXGroup;
			children = (
				EF7CE0181AF0238800C451B1 /* FXForms.h */,
				EF7CE0191AF0238800C451B1 /* FXForms.m */,
			);
			name = FXForms;
			sourceTree = "<group>";
		};
		EF7CE00D1AF0202F00C451B1 /* TPKeyboardAvoiding */ = {
			isa = PBXGroup;
			children = (
				EF7CE00E1AF0204700C451B1 /* TPKeyboardAvoidingScrollView.h */,
				EF7CE00F1AF0204700C451B1 /* TPKeyboardAvoidingScrollView.m */,
				EF7CE0111AF021C600C451B1 /* UIScrollView+TPKeyboardAvoidingAdditions.h */,
				EF7CE0121AF021C600C451B1 /* UIScrollView+TPKeyboardAvoidingAdditions.m */,
			);
			name = TPKeyboardAvoiding;
			sourceTree = "<group>";
		};
		EF7CE0141AF0227500C451B1 /* HTPressableButton */ = {
			isa = PBXGroup;
			children = (
				EF7CE0151AF0228600C451B1 /* HTPressableButton.h */,
				EF7CE0161AF0228600C451B1 /* HTPressableButton.m */,
				EF7CE01E1AF023CC00C451B1 /* HTPressableButtonPrefs.h */,
				EF7CE01F1AF023CC00C451B1 /* HTPressableButtonPrefs.m */,
				EF7CE0201AF023CC00C451B1 /* UIColor+HTColor.h */,
				EF7CE0211AF023CC00C451B1 /* UIColor+HTColor.m */,
				EF7CE01B1AF023B000C451B1 /* UIImage+HTButton.h */,
				EF7CE01C1AF023B000C451B1 /* UIImage+HTButton.m */,
			);
			name = HTPressableButton;
			sourceTree = "<group>";
		};
		EF9FB0661B2A4D5800AD1164 /* TrackViaWatch */ = {
			isa = PBXGroup;
			children = (
				EF9FB0671B2A4D5800AD1164 /* Interface.storyboard */,
				EF9FB06A1B2A4D5800AD1164 /* Assets.xcassets */,
				EF9FB06C1B2A4D5800AD1164 /* Info.plist */,
			);
			path = TrackViaWatch;
			sourceTree = "<group>";
		};
		EF9FB0751B2A4D5800AD1164 /* TrackViaWatch Extension */ = {
			isa = PBXGroup;
			children = (
				EF9FB0781B2A4D5800AD1164 /* MainInterfaceController.swift */,
				EFABDA1B1B2B299300FCF5A3 /* MainInterfacePresenter.swift */,
				EF9FB07A1B2A4D5800AD1164 /* ExtensionDelegate.swift */,
				EF9FB07C1B2A4D5800AD1164 /* NotificationController.swift */,
				EF9FB07E1B2A4D5800AD1164 /* GlanceController.swift */,
				EF9FB0801B2A4D5800AD1164 /* ComplicationController.swift */,
				EF9FB0821B2A4D5800AD1164 /* Assets.xcassets */,
				EF9FB0841B2A4D5800AD1164 /* Info.plist */,
				EF9FB0761B2A4D5800AD1164 /* Supporting Files */,
			);
			path = "TrackViaWatch Extension";
			sourceTree = "<group>";
		};
		EF9FB0761B2A4D5800AD1164 /* Supporting Files */ = {
			isa = PBXGroup;
			children = (
				EF9FB0771B2A4D5800AD1164 /* PushNotificationPayload.apns */,
			);
			name = "Supporting Files";
			sourceTree = "<group>";
		};
		EFC9CD671B7D249B00060D54 /* TRTracker */ = {
			isa = PBXGroup;
			children = (
				EFA9B5E71B7D7EBD00BAA839 /* TRTrackerPresenter.swift */,
				EF6A8B4C1B3B91470012312E /* TRTrackerPresenter+UIPickerViewDelegate.swift */,
				EF6A8B4E1B3B91E60012312E /* TRTrackerPresenter+UIPickerViewDataSource.swift */,
				EFA9B5E91B7D811800BAA839 /* TRTrackerModel.swift */,
				EFE083F51A86A9B100AC9631 /* TRTrackerViewController.swift */,
				EFA9B5EB1B7D857900BAA839 /* TRTrackerViewController+UITextFieldDelegate.swift */,
				EFC9CD6A1B7D606800060D54 /* TRTrackerView.swift */,
				EFCA44AD1AF2BD430012AE52 /* TRTrackerButton.swift */,
				EF35BA2F1AF3D29400456D38 /* TRTrackingType.swift */,
				EF2F2A6E1B48B65E009C886E /* TRToolBarForPickerView.swift */,
				EF35BA2C1AF3CA9300456D38 /* TRTrackableItems.swift */,
			);
			name = TRTracker;
			sourceTree = "<group>";
		};
		EFCA44AB1AF2BCD40012AE52 /* Vendor Components */ = {
			isa = PBXGroup;
			children = (
				EF7CE0141AF0227500C451B1 /* HTPressableButton */,
				EF7CE00D1AF0202F00C451B1 /* TPKeyboardAvoiding */,
				EF7CE00A1AF0050300C451B1 /* FXForms */,
			);
			name = "Vendor Components";
			sourceTree = "<group>";
		};
		EFE083E51A86A9B100AC9631 = {
			isa = PBXGroup;
			children = (
				EFE083F01A86A9B100AC9631 /* Tracker */,
				EFE084081A86A9B100AC9631 /* TrackerTests */,
				EF9FB0661B2A4D5800AD1164 /* TrackViaWatch */,
				EF9FB0751B2A4D5800AD1164 /* TrackViaWatch Extension */,
				EFE083EF1A86A9B100AC9631 /* Products */,
			);
			sourceTree = "<group>";
		};
		EFE083EF1A86A9B100AC9631 /* Products */ = {
			isa = PBXGroup;
			children = (
				EFE083EE1A86A9B100AC9631 /* Tracker.app */,
				EFE084051A86A9B100AC9631 /* TrackerTests.xctest */,
				EF9FB0651B2A4D5800AD1164 /* TrackViaWatch.app */,
				EF9FB0711B2A4D5800AD1164 /* TrackViaWatch Extension.appex */,
			);
			name = Products;
			sourceTree = "<group>";
		};
		EFE083F01A86A9B100AC9631 /* Tracker */ = {
			isa = PBXGroup;
			children = (
				EFE083F31A86A9B100AC9631 /* AppDelegate.swift */,
				EFE083F91A86A9B100AC9631 /* Main.storyboard */,
				EF649E411B54A10D004431C6 /* DateViewController.swift */,
				EFC9CD681B7D3BEF00060D54 /* DateViewController+UIPopoverPresentationControllerDelegate.swift */,
				EF2F2A6A1B489AA6009C886E /* DatePicker.swift */,
				EF52F2441A8735CF00315B35 /* SettingsViewController.swift */,
				EFE083F71A86A9B100AC9631 /* StatsViewController.swift */,
				EFFCF9DB1AFA9C26004DEDB9 /* CurrentDate.swift */,
				EFFCF9D91AFA9318004DEDB9 /* ChooseableDates.swift */,
				EFF5E6051A8861BC00B59CD4 /* SettingsForm.swift */,
				EFC9CD671B7D249B00060D54 /* TRTracker */,
				EFCA44AB1AF2BCD40012AE52 /* Vendor Components */,
				EFE083F11A86A9B100AC9631 /* Supporting Files */,
			);
			path = Tracker;
			sourceTree = "<group>";
		};
		EFE083F11A86A9B100AC9631 /* Supporting Files */ = {
			isa = PBXGroup;
			children = (
				EFF5E6011A885BCB00B59CD4 /* Tracker-Bridging-Header.h */,
				EFA9B5E51B7D6A5B00BAA839 /* Info.plist */,
				EFE083FC1A86A9B100AC9631 /* Images.xcassets */,
			);
			name = "Supporting Files";
			sourceTree = "<group>";
		};
		EFE084081A86A9B100AC9631 /* TrackerTests */ = {
			isa = PBXGroup;
			children = (
				EFE084091A86A9B100AC9631 /* Supporting Files */,
			);
			path = TrackerTests;
			sourceTree = "<group>";
		};
		EFE084091A86A9B100AC9631 /* Supporting Files */ = {
			isa = PBXGroup;
			children = (
				EFE0840A1A86A9B100AC9631 /* Info.plist */,
			);
			name = "Supporting Files";
			sourceTree = "<group>";
		};
/* End PBXGroup section */

/* Begin PBXNativeTarget section */
		EF9FB0641B2A4D5800AD1164 /* TrackViaWatch */ = {
			isa = PBXNativeTarget;
			buildConfigurationList = EF9FB08E1B2A4D5800AD1164 /* Build configuration list for PBXNativeTarget "TrackViaWatch" */;
			buildPhases = (
				EF9FB0631B2A4D5800AD1164 /* Resources */,
				EF9FB08D1B2A4D5800AD1164 /* Embed App Extensions */,
			);
			buildRules = (
			);
			dependencies = (
				EF9FB0741B2A4D5800AD1164 /* PBXTargetDependency */,
			);
			name = TrackViaWatch;
			productName = TrackViaWatch;
			productReference = EF9FB0651B2A4D5800AD1164 /* TrackViaWatch.app */;
			productType = "com.apple.product-type.application.watchapp2";
		};
		EF9FB0701B2A4D5800AD1164 /* TrackViaWatch Extension */ = {
			isa = PBXNativeTarget;
			buildConfigurationList = EF9FB08C1B2A4D5800AD1164 /* Build configuration list for PBXNativeTarget "TrackViaWatch Extension" */;
			buildPhases = (
				EF9FB06D1B2A4D5800AD1164 /* Sources */,
				EF9FB06E1B2A4D5800AD1164 /* Frameworks */,
				EF9FB06F1B2A4D5800AD1164 /* Resources */,
			);
			buildRules = (
			);
			dependencies = (
			);
			name = "TrackViaWatch Extension";
			productName = "TrackViaWatch Extension";
			productReference = EF9FB0711B2A4D5800AD1164 /* TrackViaWatch Extension.appex */;
			productType = "com.apple.product-type.watchkit2-extension";
		};
		EFE083ED1A86A9B100AC9631 /* Tracker */ = {
			isa = PBXNativeTarget;
			buildConfigurationList = EFE0840F1A86A9B100AC9631 /* Build configuration list for PBXNativeTarget "Tracker" */;
			buildPhases = (
				EFE083EA1A86A9B100AC9631 /* Sources */,
				EFE083EB1A86A9B100AC9631 /* Frameworks */,
				EFE083EC1A86A9B100AC9631 /* Resources */,
				EF9FB08F1B2A4D5800AD1164 /* Embed Watch Content */,
			);
			buildRules = (
			);
			dependencies = (
				EF9FB0861B2A4D5800AD1164 /* PBXTargetDependency */,
			);
			name = Tracker;
			productName = Tracker;
			productReference = EFE083EE1A86A9B100AC9631 /* Tracker.app */;
			productType = "com.apple.product-type.application";
		};
		EFE084041A86A9B100AC9631 /* TrackerTests */ = {
			isa = PBXNativeTarget;
			buildConfigurationList = EFE084121A86A9B100AC9631 /* Build configuration list for PBXNativeTarget "TrackerTests" */;
			buildPhases = (
				EFE084011A86A9B100AC9631 /* Sources */,
				EFE084021A86A9B100AC9631 /* Frameworks */,
				EFE084031A86A9B100AC9631 /* Resources */,
			);
			buildRules = (
			);
			dependencies = (
				EFE084071A86A9B100AC9631 /* PBXTargetDependency */,
			);
			name = TrackerTests;
			productName = TrackerTests;
			productReference = EFE084051A86A9B100AC9631 /* TrackerTests.xctest */;
			productType = "com.apple.product-type.bundle.unit-test";
		};
/* End PBXNativeTarget section */

/* Begin PBXProject section */
		EFE083E61A86A9B100AC9631 /* Project object */ = {
			isa = PBXProject;
			attributes = {
				LastSwiftUpdateCheck = 0700;
				LastUpgradeCheck = 0700;
				ORGANIZATIONNAME = Tracker;
				TargetAttributes = {
					EF9FB0641B2A4D5800AD1164 = {
						CreatedOnToolsVersion = 7.0;
					};
					EF9FB0701B2A4D5800AD1164 = {
						CreatedOnToolsVersion = 7.0;
					};
					EFE083ED1A86A9B100AC9631 = {
						CreatedOnToolsVersion = 6.1.1;
					};
					EFE084041A86A9B100AC9631 = {
						CreatedOnToolsVersion = 6.1.1;
						TestTargetID = EFE083ED1A86A9B100AC9631;
					};
				};
			};
			buildConfigurationList = EFE083E91A86A9B100AC9631 /* Build configuration list for PBXProject "Tracker" */;
			compatibilityVersion = "Xcode 3.2";
			developmentRegion = English;
			hasScannedForEncodings = 0;
			knownRegions = (
				en,
				Base,
			);
			mainGroup = EFE083E51A86A9B100AC9631;
			productRefGroup = EFE083EF1A86A9B100AC9631 /* Products */;
			projectDirPath = "";
			projectRoot = "";
			targets = (
				EFE083ED1A86A9B100AC9631 /* Tracker */,
				EFE084041A86A9B100AC9631 /* TrackerTests */,
				EF9FB0641B2A4D5800AD1164 /* TrackViaWatch */,
				EF9FB0701B2A4D5800AD1164 /* TrackViaWatch Extension */,
			);
		};
/* End PBXProject section */

/* Begin PBXResourcesBuildPhase section */
		EF9FB0631B2A4D5800AD1164 /* Resources */ = {
			isa = PBXResourcesBuildPhase;
			buildActionMask = 2147483647;
			files = (
				EF9FB06B1B2A4D5800AD1164 /* Assets.xcassets in Resources */,
				EF9FB0691B2A4D5800AD1164 /* Interface.storyboard in Resources */,
			);
			runOnlyForDeploymentPostprocessing = 0;
		};
		EF9FB06F1B2A4D5800AD1164 /* Resources */ = {
			isa = PBXResourcesBuildPhase;
			buildActionMask = 2147483647;
			files = (
				EF9FB0831B2A4D5800AD1164 /* Assets.xcassets in Resources */,
			);
			runOnlyForDeploymentPostprocessing = 0;
		};
		EFE083EC1A86A9B100AC9631 /* Resources */ = {
			isa = PBXResourcesBuildPhase;
			buildActionMask = 2147483647;
			files = (
				EFE083FB1A86A9B100AC9631 /* Main.storyboard in Resources */,
				EFE083FD1A86A9B100AC9631 /* Images.xcassets in Resources */,
				EFA9B5E61B7D6A5B00BAA839 /* Info.plist in Resources */,
			);
			runOnlyForDeploymentPostprocessing = 0;
		};
		EFE084031A86A9B100AC9631 /* Resources */ = {
			isa = PBXResourcesBuildPhase;
			buildActionMask = 2147483647;
			files = (
			);
			runOnlyForDeploymentPostprocessing = 0;
		};
/* End PBXResourcesBuildPhase section */

/* Begin PBXSourcesBuildPhase section */
		EF9FB06D1B2A4D5800AD1164 /* Sources */ = {
			isa = PBXSourcesBuildPhase;
			buildActionMask = 2147483647;
			files = (
				EF9FB07D1B2A4D5800AD1164 /* NotificationController.swift in Sources */,
				EFABDA1D1B2B299300FCF5A3 /* MainInterfacePresenter.swift in Sources */,
				EF9FB07B1B2A4D5800AD1164 /* ExtensionDelegate.swift in Sources */,
				EF9FB0811B2A4D5800AD1164 /* ComplicationController.swift in Sources */,
				EF9FB0791B2A4D5800AD1164 /* MainInterfaceController.swift in Sources */,
				EF9FB07F1B2A4D5800AD1164 /* GlanceController.swift in Sources */,
			);
			runOnlyForDeploymentPostprocessing = 0;
		};
		EFE083EA1A86A9B100AC9631 /* Sources */ = {
			isa = PBXSourcesBuildPhase;
			buildActionMask = 2147483647;
			files = (
				EF7CE0171AF0228600C451B1 /* HTPressableButton.m in Sources */,
				EF7CE01A1AF0238800C451B1 /* FXForms.m in Sources */,
				EF35BA301AF3D29400456D38 /* TRTrackingType.swift in Sources */,
				EF6A8B4F1B3B91E60012312E /* TRTrackerPresenter+UIPickerViewDataSource.swift in Sources */,
				EF7CE0221AF023CC00C451B1 /* HTPressableButtonPrefs.m in Sources */,
				EF7CE0101AF0204700C451B1 /* TPKeyboardAvoidingScrollView.m in Sources */,
				EF649E421B54A10D004431C6 /* DateViewController.swift in Sources */,
				EF6A8B4D1B3B91470012312E /* TRTrackerPresenter+UIPickerViewDelegate.swift in Sources */,
				EFE083F81A86A9B100AC9631 /* StatsViewController.swift in Sources */,
				EFFCF9DA1AFA9318004DEDB9 /* ChooseableDates.swift in Sources */,
				EFA9B5EA1B7D811800BAA839 /* TRTrackerModel.swift in Sources */,
				EFE083F41A86A9B100AC9631 /* AppDelegate.swift in Sources */,
				EF35BA2D1AF3CA9400456D38 /* TRTrackableItems.swift in Sources */,
				EF7CE01D1AF023B000C451B1 /* UIImage+HTButton.m in Sources */,
				EFFCF9DC1AFA9C26004DEDB9 /* CurrentDate.swift in Sources */,
				EFF5E6061A8861BC00B59CD4 /* SettingsForm.swift in Sources */,
				EFC9CD691B7D3BEF00060D54 /* DateViewController+UIPopoverPresentationControllerDelegate.swift in Sources */,
				EF7CE0131AF021C600C451B1 /* UIScrollView+TPKeyboardAvoidingAdditions.m in Sources */,
				EFE083F61A86A9B100AC9631 /* TRTrackerViewController.swift in Sources */,
				EF52F2451A8735CF00315B35 /* SettingsViewController.swift in Sources */,
				EFC9CD6B1B7D606800060D54 /* TRTrackerView.swift in Sources */,
				EF2F2A6B1B489AA6009C886E /* DatePicker.swift in Sources */,
				EFA9B5E81B7D7EBD00BAA839 /* TRTrackerPresenter.swift in Sources */,
				EF2F2A6F1B48B65E009C886E /* TRToolBarForPickerView.swift in Sources */,
				EF7CE0231AF023CC00C451B1 /* UIColor+HTColor.m in Sources */,
				EFA9B5EC1B7D857900BAA839 /* TRTrackerViewController+UITextFieldDelegate.swift in Sources */,
				EFCA44AE1AF2BD430012AE52 /* TRTrackerButton.swift in Sources */,
			);
			runOnlyForDeploymentPostprocessing = 0;
		};
		EFE084011A86A9B100AC9631 /* Sources */ = {
			isa = PBXSourcesBuildPhase;
			buildActionMask = 2147483647;
			files = (
				EF776FB61B3B7F9000B64960 /* MainInterfaceController.swift in Sources */,
				EFABDA1C1B2B299300FCF5A3 /* MainInterfacePresenter.swift in Sources */,
			);
			runOnlyForDeploymentPostprocessing = 0;
		};
/* End PBXSourcesBuildPhase section */

/* Begin PBXTargetDependency section */
		EF9FB0741B2A4D5800AD1164 /* PBXTargetDependency */ = {
			isa = PBXTargetDependency;
			target = EF9FB0701B2A4D5800AD1164 /* TrackViaWatch Extension */;
			targetProxy = EF9FB0731B2A4D5800AD1164 /* PBXContainerItemProxy */;
		};
		EF9FB0861B2A4D5800AD1164 /* PBXTargetDependency */ = {
			isa = PBXTargetDependency;
			target = EF9FB0641B2A4D5800AD1164 /* TrackViaWatch */;
			targetProxy = EF9FB0851B2A4D5800AD1164 /* PBXContainerItemProxy */;
		};
		EFE084071A86A9B100AC9631 /* PBXTargetDependency */ = {
			isa = PBXTargetDependency;
			target = EFE083ED1A86A9B100AC9631 /* Tracker */;
			targetProxy = EFE084061A86A9B100AC9631 /* PBXContainerItemProxy */;
		};
/* End PBXTargetDependency section */

/* Begin PBXVariantGroup section */
		EF9FB0671B2A4D5800AD1164 /* Interface.storyboard */ = {
			isa = PBXVariantGroup;
			children = (
				EF9FB0681B2A4D5800AD1164 /* Base */,
			);
			name = Interface.storyboard;
			sourceTree = "<group>";
		};
		EFE083F91A86A9B100AC9631 /* Main.storyboard */ = {
			isa = PBXVariantGroup;
			children = (
				EFE083FA1A86A9B100AC9631 /* Base */,
			);
			name = Main.storyboard;
			sourceTree = "<group>";
		};
/* End PBXVariantGroup section */

/* Begin XCBuildConfiguration section */
		EF9FB0881B2A4D5800AD1164 /* Debug */ = {
			isa = XCBuildConfiguration;
			buildSettings = {
				ASSETCATALOG_COMPILER_APPICON_NAME = AppIcon;
				CODE_SIGN_IDENTITY = "iPhone Developer";
				"CODE_SIGN_IDENTITY[sdk=watchos*]" = "iPhone Developer";
				DEBUG_INFORMATION_FORMAT = dwarf;
				EMBEDDED_CONTENT_CONTAINS_SWIFT = YES;
				GCC_NO_COMMON_BLOCKS = YES;
				IBSC_MODULE = TrackViaWatch_Extension;
				INFOPLIST_FILE = TrackViaWatch/Info.plist;
				PRODUCT_BUNDLE_IDENTIFIER = com.Tracker.watchkitapp;
				PRODUCT_NAME = "$(TARGET_NAME)";
				SDKROOT = watchos;
				SKIP_INSTALL = YES;
				TARGETED_DEVICE_FAMILY = 4;
				WATCHOS_DEPLOYMENT_TARGET = 2.0;
			};
			name = Debug;
		};
		EF9FB0891B2A4D5800AD1164 /* Release */ = {
			isa = XCBuildConfiguration;
			buildSettings = {
				ASSETCATALOG_COMPILER_APPICON_NAME = AppIcon;
				CODE_SIGN_IDENTITY = "iPhone Developer";
				"CODE_SIGN_IDENTITY[sdk=watchos*]" = "iPhone Developer";
				COPY_PHASE_STRIP = NO;
				DEBUG_INFORMATION_FORMAT = "dwarf-with-dsym";
				EMBEDDED_CONTENT_CONTAINS_SWIFT = YES;
				GCC_NO_COMMON_BLOCKS = YES;
				IBSC_MODULE = TrackViaWatch_Extension;
				INFOPLIST_FILE = TrackViaWatch/Info.plist;
				PRODUCT_BUNDLE_IDENTIFIER = com.Tracker.watchkitapp;
				PRODUCT_NAME = "$(TARGET_NAME)";
				SDKROOT = watchos;
				SKIP_INSTALL = YES;
				TARGETED_DEVICE_FAMILY = 4;
				WATCHOS_DEPLOYMENT_TARGET = 2.0;
			};
			name = Release;
		};
		EF9FB08A1B2A4D5800AD1164 /* Debug */ = {
			isa = XCBuildConfiguration;
			buildSettings = {
				ASSETCATALOG_COMPILER_COMPLICATION_NAME = Complication;
				"CODE_SIGN_IDENTITY[sdk=watchos*]" = "iPhone Developer";
				DEBUG_INFORMATION_FORMAT = dwarf;
				GCC_NO_COMMON_BLOCKS = YES;
				INFOPLIST_FILE = "TrackViaWatch Extension/Info.plist";
				LD_RUNPATH_SEARCH_PATHS = "$(inherited) @executable_path/Frameworks @executable_path/../../Frameworks";
				PRODUCT_BUNDLE_IDENTIFIER = com.Tracker.watchkitapp.watchkitextension;
				PRODUCT_NAME = "${TARGET_NAME}";
				SDKROOT = watchos;
				SKIP_INSTALL = YES;
				TARGETED_DEVICE_FAMILY = 4;
				WATCHOS_DEPLOYMENT_TARGET = 2.0;
			};
			name = Debug;
		};
		EF9FB08B1B2A4D5800AD1164 /* Release */ = {
			isa = XCBuildConfiguration;
			buildSettings = {
				ASSETCATALOG_COMPILER_COMPLICATION_NAME = Complication;
				"CODE_SIGN_IDENTITY[sdk=watchos*]" = "iPhone Developer";
				COPY_PHASE_STRIP = NO;
				DEBUG_INFORMATION_FORMAT = "dwarf-with-dsym";
				GCC_NO_COMMON_BLOCKS = YES;
				INFOPLIST_FILE = "TrackViaWatch Extension/Info.plist";
				LD_RUNPATH_SEARCH_PATHS = "$(inherited) @executable_path/Frameworks @executable_path/../../Frameworks";
				PRODUCT_BUNDLE_IDENTIFIER = com.Tracker.watchkitapp.watchkitextension;
				PRODUCT_NAME = "${TARGET_NAME}";
				SDKROOT = watchos;
				SKIP_INSTALL = YES;
				TARGETED_DEVICE_FAMILY = 4;
				WATCHOS_DEPLOYMENT_TARGET = 2.0;
			};
			name = Release;
		};
		EFE0840D1A86A9B100AC9631 /* Debug */ = {
			isa = XCBuildConfiguration;
			buildSettings = {
				ALWAYS_SEARCH_USER_PATHS = NO;
				CLANG_CXX_LANGUAGE_STANDARD = "gnu++0x";
				CLANG_CXX_LIBRARY = "libc++";
				CLANG_ENABLE_MODULES = YES;
				CLANG_ENABLE_OBJC_ARC = YES;
				CLANG_WARN_BOOL_CONVERSION = YES;
				CLANG_WARN_CONSTANT_CONVERSION = YES;
				CLANG_WARN_DIRECT_OBJC_ISA_USAGE = YES_ERROR;
				CLANG_WARN_EMPTY_BODY = YES;
				CLANG_WARN_ENUM_CONVERSION = YES;
				CLANG_WARN_INT_CONVERSION = YES;
				CLANG_WARN_OBJC_ROOT_CLASS = YES_ERROR;
				CLANG_WARN_UNREACHABLE_CODE = YES;
				CLANG_WARN__DUPLICATE_METHOD_MATCH = YES;
				"CODE_SIGN_IDENTITY[sdk=iphoneos*]" = "iPhone Developer";
				COPY_PHASE_STRIP = NO;
				ENABLE_STRICT_OBJC_MSGSEND = YES;
				ENABLE_TESTABILITY = YES;
				GCC_C_LANGUAGE_STANDARD = gnu99;
				GCC_DYNAMIC_NO_PIC = NO;
				GCC_OPTIMIZATION_LEVEL = 0;
				GCC_PREPROCESSOR_DEFINITIONS = (
					"DEBUG=1",
					"$(inherited)",
				);
				GCC_SYMBOLS_PRIVATE_EXTERN = NO;
				GCC_WARN_64_TO_32_BIT_CONVERSION = YES;
				GCC_WARN_ABOUT_RETURN_TYPE = YES_ERROR;
				GCC_WARN_UNDECLARED_SELECTOR = YES;
				GCC_WARN_UNINITIALIZED_AUTOS = YES_AGGRESSIVE;
				GCC_WARN_UNUSED_FUNCTION = YES;
				GCC_WARN_UNUSED_VARIABLE = YES;
				IPHONEOS_DEPLOYMENT_TARGET = 8.1;
				MTL_ENABLE_DEBUG_INFO = YES;
				ONLY_ACTIVE_ARCH = YES;
				SDKROOT = iphoneos;
				SWIFT_OPTIMIZATION_LEVEL = "-Onone";
				TARGETED_DEVICE_FAMILY = "1,2";
			};
			name = Debug;
		};
		EFE0840E1A86A9B100AC9631 /* Release */ = {
			isa = XCBuildConfiguration;
			buildSettings = {
				ALWAYS_SEARCH_USER_PATHS = NO;
				CLANG_CXX_LANGUAGE_STANDARD = "gnu++0x";
				CLANG_CXX_LIBRARY = "libc++";
				CLANG_ENABLE_MODULES = YES;
				CLANG_ENABLE_OBJC_ARC = YES;
				CLANG_WARN_BOOL_CONVERSION = YES;
				CLANG_WARN_CONSTANT_CONVERSION = YES;
				CLANG_WARN_DIRECT_OBJC_ISA_USAGE = YES_ERROR;
				CLANG_WARN_EMPTY_BODY = YES;
				CLANG_WARN_ENUM_CONVERSION = YES;
				CLANG_WARN_INT_CONVERSION = YES;
				CLANG_WARN_OBJC_ROOT_CLASS = YES_ERROR;
				CLANG_WARN_UNREACHABLE_CODE = YES;
				CLANG_WARN__DUPLICATE_METHOD_MATCH = YES;
				"CODE_SIGN_IDENTITY[sdk=iphoneos*]" = "iPhone Developer";
				COPY_PHASE_STRIP = YES;
				ENABLE_NS_ASSERTIONS = NO;
				ENABLE_STRICT_OBJC_MSGSEND = YES;
				GCC_C_LANGUAGE_STANDARD = gnu99;
				GCC_WARN_64_TO_32_BIT_CONVERSION = YES;
				GCC_WARN_ABOUT_RETURN_TYPE = YES_ERROR;
				GCC_WARN_UNDECLARED_SELECTOR = YES;
				GCC_WARN_UNINITIALIZED_AUTOS = YES_AGGRESSIVE;
				GCC_WARN_UNUSED_FUNCTION = YES;
				GCC_WARN_UNUSED_VARIABLE = YES;
				IPHONEOS_DEPLOYMENT_TARGET = 8.1;
				MTL_ENABLE_DEBUG_INFO = NO;
				SDKROOT = iphoneos;
				TARGETED_DEVICE_FAMILY = "1,2";
				VALIDATE_PRODUCT = YES;
			};
			name = Release;
		};
		EFE084101A86A9B100AC9631 /* Debug */ = {
			isa = XCBuildConfiguration;
			buildSettings = {
				ASSETCATALOG_COMPILER_APPICON_NAME = AppIcon;
				CLANG_ENABLE_MODULES = YES;
				CODE_SIGN_IDENTITY = "iPhone Developer";
				INFOPLIST_FILE = Tracker/Info.plist;
				IPHONEOS_DEPLOYMENT_TARGET = 8.0;
				LD_RUNPATH_SEARCH_PATHS = "$(inherited) @executable_path/Frameworks";
				PRODUCT_BUNDLE_IDENTIFIER = "com.$(PRODUCT_NAME:rfc1034identifier)";
				PRODUCT_NAME = "$(TARGET_NAME)";
				SWIFT_OBJC_BRIDGING_HEADER = "Tracker/Tracker-Bridging-Header.h";
				SWIFT_OPTIMIZATION_LEVEL = "-Onone";
				TARGETED_DEVICE_FAMILY = "1,2";
			};
			name = Debug;
		};
		EFE084111A86A9B100AC9631 /* Release */ = {
			isa = XCBuildConfiguration;
			buildSettings = {
				ASSETCATALOG_COMPILER_APPICON_NAME = AppIcon;
				CLANG_ENABLE_MODULES = YES;
				CODE_SIGN_IDENTITY = "iPhone Developer";
				INFOPLIST_FILE = Tracker/Info.plist;
				IPHONEOS_DEPLOYMENT_TARGET = 8.0;
				LD_RUNPATH_SEARCH_PATHS = "$(inherited) @executable_path/Frameworks";
				PRODUCT_BUNDLE_IDENTIFIER = "com.$(PRODUCT_NAME:rfc1034identifier)";
				PRODUCT_NAME = "$(TARGET_NAME)";
				SWIFT_OBJC_BRIDGING_HEADER = "Tracker/Tracker-Bridging-Header.h";
				TARGETED_DEVICE_FAMILY = "1,2";
			};
			name = Release;
		};
		EFE084131A86A9B100AC9631 /* Debug */ = {
			isa = XCBuildConfiguration;
			buildSettings = {
				BUNDLE_LOADER = "$(TEST_HOST)";
				FRAMEWORK_SEARCH_PATHS = (
					"$(SDKROOT)/Developer/Library/Frameworks",
					"$(inherited)",
				);
				GCC_PREPROCESSOR_DEFINITIONS = (
					"DEBUG=1",
					"$(inherited)",
				);
				INFOPLIST_FILE = TrackerTests/Info.plist;
				LD_RUNPATH_SEARCH_PATHS = "$(inherited) @executable_path/Frameworks @loader_path/Frameworks";
				PRODUCT_BUNDLE_IDENTIFIER = "com.$(PRODUCT_NAME:rfc1034identifier)";
				PRODUCT_NAME = "$(TARGET_NAME)";
				TEST_HOST = "$(BUILT_PRODUCTS_DIR)/Tracker.app/Tracker";
			};
			name = Debug;
		};
		EFE084141A86A9B100AC9631 /* Release */ = {
			isa = XCBuildConfiguration;
			buildSettings = {
				BUNDLE_LOADER = "$(TEST_HOST)";
				FRAMEWORK_SEARCH_PATHS = (
					"$(SDKROOT)/Developer/Library/Frameworks",
					"$(inherited)",
				);
				INFOPLIST_FILE = TrackerTests/Info.plist;
				LD_RUNPATH_SEARCH_PATHS = "$(inherited) @executable_path/Frameworks @loader_path/Frameworks";
				PRODUCT_BUNDLE_IDENTIFIER = "com.$(PRODUCT_NAME:rfc1034identifier)";
				PRODUCT_NAME = "$(TARGET_NAME)";
				TEST_HOST = "$(BUILT_PRODUCTS_DIR)/Tracker.app/Tracker";
			};
			name = Release;
		};
/* End XCBuildConfiguration section */

/* Begin XCConfigurationList section */
		EF9FB08C1B2A4D5800AD1164 /* Build configuration list for PBXNativeTarget "TrackViaWatch Extension" */ = {
			isa = XCConfigurationList;
			buildConfigurations = (
				EF9FB08A1B2A4D5800AD1164 /* Debug */,
				EF9FB08B1B2A4D5800AD1164 /* Release */,
			);
			defaultConfigurationIsVisible = 0;
			defaultConfigurationName = Release;
		};
		EF9FB08E1B2A4D5800AD1164 /* Build configuration list for PBXNativeTarget "TrackViaWatch" */ = {
			isa = XCConfigurationList;
			buildConfigurations = (
				EF9FB0881B2A4D5800AD1164 /* Debug */,
				EF9FB0891B2A4D5800AD1164 /* Release */,
			);
			defaultConfigurationIsVisible = 0;
			defaultConfigurationName = Release;
		};
		EFE083E91A86A9B100AC9631 /* Build configuration list for PBXProject "Tracker" */ = {
			isa = XCConfigurationList;
			buildConfigurations = (
				EFE0840D1A86A9B100AC9631 /* Debug */,
				EFE0840E1A86A9B100AC9631 /* Release */,
			);
			defaultConfigurationIsVisible = 0;
			defaultConfigurationName = Release;
		};
		EFE0840F1A86A9B100AC9631 /* Build configuration list for PBXNativeTarget "Tracker" */ = {
			isa = XCConfigurationList;
			buildConfigurations = (
				EFE084101A86A9B100AC9631 /* Debug */,
				EFE084111A86A9B100AC9631 /* Release */,
			);
			defaultConfigurationIsVisible = 0;
			defaultConfigurationName = Release;
		};
		EFE084121A86A9B100AC9631 /* Build configuration list for PBXNativeTarget "TrackerTests" */ = {
			isa = XCConfigurationList;
			buildConfigurations = (
				EFE084131A86A9B100AC9631 /* Debug */,
				EFE084141A86A9B100AC9631 /* Release */,
			);
			defaultConfigurationIsVisible = 0;
			defaultConfigurationName = Release;
		};
/* End XCConfigurationList section */
	};
	rootObject = EFE083E61A86A9B100AC9631 /* Project object */;
}
